// !$*UTF8*$!
{
	archiveVersion = 1;
	classes = {
	};
	objectVersion = 46;
	objects = {

/* Begin PBXAggregateTarget section */
		7C967074D129DA18B1538EBB /* SimpleEQ - All */ = {
			isa = PBXAggregateTarget;
			buildConfigurationList = 2B67FBFC5FFF98525D923C4F;
			buildPhases = (
			);
			dependencies = (
				8440B963C9D6D0903F5E16EA,
				26AC7C96E372B02F81374A14,
				5E6F37E2D9B45DBBC69EB243,
				91267E84E9D715171788AB07,
			);
			name = "SimpleEQ - All";
			productName = SimpleEQ;
		};
/* End PBXAggregateTarget section */

/* Begin PBXBuildFile section */
		10D444A6E1FD0F5458F495CE /* RecentFilesMenuTemplate.nib */ = {isa = PBXBuildFile; fileRef = 6BAFDE08698C8A29E3DED0E4; };
		13A70424729BF0EBBE5E5042 /* include_juce_dsp.mm */ = {isa = PBXBuildFile; fileRef = A44748E2137927178EF9D384; };
		14091D34CFADEBB35AEAF6DF /* include_juce_gui_extra.mm */ = {isa = PBXBuildFile; fileRef = 6F526204C3A7A5F98384F198; };
		20BF1EA2E599FDCD1552FE3D /* BinaryData.cpp */ = {isa = PBXBuildFile; fileRef = C4A4FEE4967E1EF4D27A994C; };
		27804932DB14D0A4A77C30F1 /* include_juce_audio_plugin_client_Standalone.cpp */ = {isa = PBXBuildFile; fileRef = 2ABBD2E18D64C8D280A5361D; };
		36452932690849014DB0CD1A /* include_juce_audio_utils.mm */ = {isa = PBXBuildFile; fileRef = 72FED12100BB7D5B8EC27661; };
		38C2693DADDFBD4142A7A520 /* include_juce_data_structures.mm */ = {isa = PBXBuildFile; fileRef = 32D360380926471EAA3B1375; };
		3A1EB1B120F7F51596A16CC6 /* include_juce_audio_devices.mm */ = {isa = PBXBuildFile; fileRef = F17A11FA3C44BBB70B1DC13E; };
		3A47B6D5CFADCC5966C97FE0 /* CoreAudio.framework */ = {isa = PBXBuildFile; fileRef = A6F252DABD955A332FC0A5C8; };
		3D4C930F618A0BEAFABC2469 /* include_juce_audio_plugin_client_VST3.mm */ = {isa = PBXBuildFile; fileRef = B7ABC5AF1DB993582AF3BE70; };
		421FB55E0FBF48BA318023CC /* Foundation.framework */ = {isa = PBXBuildFile; fileRef = 60D285F39E84E9B05A264D93; };
		4927EE41498324ED284AF407 /* include_juce_gui_basics.mm */ = {isa = PBXBuildFile; fileRef = 83432143EF73047D1864B283; };
		4DA7268BD09CEA6FC5184A64 /* AnalyzerPathGenerator.cpp */ = {isa = PBXBuildFile; fileRef = 0AC1A8D04EC50E567314112A; };
		51D934EB4C285CD3CF5A5304 /* PluginProcessor.cpp */ = {isa = PBXBuildFile; fileRef = 3534DE3931D06691BD6501D4; };
		525F3B2F853DACB336C33DF0 /* include_juce_audio_plugin_client_ARA.cpp */ = {isa = PBXBuildFile; fileRef = E3201EC4271B9AE48EE120B5; };
		539EE923EEB073E93FD5B4AE /* Shared Code */ = {isa = PBXBuildFile; fileRef = 8FEA7DC7CCEB4D65A752E8A6; };
		62023AE407D6D810ED09D5BF /* IOKit.framework */ = {isa = PBXBuildFile; fileRef = 876A6AB8EB819D02F251FB94; };
		6A1A5962E9518EEA8CE7D427 /* include_juce_core.mm */ = {isa = PBXBuildFile; fileRef = CB6E93121103C2ADDB169186; };
		705A63F351F7F9981D552A6E /* BypassButtonLookAndFeel.cpp */ = {isa = PBXBuildFile; fileRef = 6880C824CDC3D54C4E160C46; };
		74CF4B1D44BC300EC7ABA194 /* WebKit.framework */ = {isa = PBXBuildFile; fileRef = EACFE11F88273468CC5F3780; };
		77E5A4E7E79C4026764EE73C /* ResponseCurveComponent.cpp */ = {isa = PBXBuildFile; fileRef = 90DBD68E5C24EF5305C442CD; };
		7A71EC0745265E9E9053311E /* include_juce_audio_processors_ara.cpp */ = {isa = PBXBuildFile; fileRef = 51165C33B1A1F50F5C4AB09A; };
		7FA927DF1283C2556AC9E026 /* CoreAudioKit.framework */ = {isa = PBXBuildFile; fileRef = 515644BFB37BD34B3F3FA1B7; };
		83B760003C9B35434127C4E5 /* SingleChannelSampleFifo.cpp */ = {isa = PBXBuildFile; fileRef = 3F5D46EC5AA81B3649613971; };
		848959F224511DF3FFEF9691 /* Accelerate.framework */ = {isa = PBXBuildFile; fileRef = AEAFFC7065C35120063ADEC2; };
		86FF768FB4630D951DDE6268 /* include_juce_audio_processors.mm */ = {isa = PBXBuildFile; fileRef = A3233D5322226B2006D51E93; };
		8FA43AE6DF5E29A50E1BE2CA /* CustomColors.cpp */ = {isa = PBXBuildFile; fileRef = 5B6CF8835D41A70431D796A3; };
		948D61FA9E7E5CAEF1911080 /* AudioUnit.framework */ = {isa = PBXBuildFile; fileRef = 881C7FE328F18C97819C28D0; };
		A43D6669A0F8195E59ACFF58 /* include_juce_audio_plugin_client_AU_2.mm */ = {isa = PBXBuildFile; fileRef = 52DC2A4E4A005BF3A0F95CD4; };
		A6330C28417D9119EDA1EE92 /* DiscRecording.framework */ = {isa = PBXBuildFile; fileRef = 3E634BDA500A22CDC0A5085A; };
		A995BA5CE05FFF44FDD8B345 /* RotarySliderWithLabels.cpp */ = {isa = PBXBuildFile; fileRef = 9B45FBA82A9E21BF4DFA75ED; };
		ACF66C8FFAA47547507D7ADC /* include_juce_audio_formats.mm */ = {isa = PBXBuildFile; fileRef = C62812D475874EBD92F83E18; };
		AEC999D00E12AA0D4FBF8621 /* Cocoa.framework */ = {isa = PBXBuildFile; fileRef = 68B5B0232B269419412FD6DF; };
		B223D39C799E5D6F88A4169C /* Fifo.cpp */ = {isa = PBXBuildFile; fileRef = B5232268DB71BFE2407177B3; };
		B305273B4701043B741C6CBF /* include_juce_audio_plugin_client_AU_1.mm */ = {isa = PBXBuildFile; fileRef = 889B606D4A23AA7E62A47C4A; };
		B64109C7E29C05D546B3AB44 /* include_juce_events.mm */ = {isa = PBXBuildFile; fileRef = 8A51A5AEE4BF7E42BB052463; };
		B8A3CC580121AC93D0A0A184 /* CoreMIDI.framework */ = {isa = PBXBuildFile; fileRef = 1EB216D249345900A8B1CBC3; };
		BEFCA8BD374416FDA434875B /* AnalyzerButtonLookAndFeel.cpp */ = {isa = PBXBuildFile; fileRef = 9E361C05C7DDB5774B7C998B; };
		C04C62D203FFF498E63C1ED0 /* RotarySliderLookAndFeel.cpp */ = {isa = PBXBuildFile; fileRef = 567DCB990ED29AF35DAF0F3A; };
		C0E32430DBB00C7DC8EBAEFA /* Security.framework */ = {isa = PBXBuildFile; fileRef = EBE12CC6887F30E237213EA5; };
		C5C9C983194F94E3F84B350E /* include_juce_audio_processors_lv2_libs.cpp */ = {isa = PBXBuildFile; fileRef = 08CE437A4A3410DC5748BB33; };
		CBFF9714CCAD8BE59CA9B625 /* QuartzCore.framework */ = {isa = PBXBuildFile; fileRef = 7BC9815186332E28D2E15FF7; };
		CD4277FD0554E25182255027 /* FFTDataGenerator.cpp */ = {isa = PBXBuildFile; fileRef = 35DD7CC38E1ABB3751EF2C1A; };
		D23C401019544BD3C4B3BDED /* BypassToggleButton.cpp */ = {isa = PBXBuildFile; fileRef = 2D49A6E2325F826C3F352B4F; };
		D295326F1F8F507BC3974F7A /* include_juce_audio_basics.mm */ = {isa = PBXBuildFile; fileRef = 12EF876D42950F3C3106C665; };
		DE09943786692E1888C99747 /* PluginEditor.cpp */ = {isa = PBXBuildFile; fileRef = 924A1A2D0AC650B9C0BF18B5; };
		E67716EE8B82A4507015F613 /* include_juce_graphics.mm */ = {isa = PBXBuildFile; fileRef = A78168401A99D0A85A6DE187; };
		EF32CAE9DED64567145A4F82 /* AnalyzerButton.cpp */ = {isa = PBXBuildFile; fileRef = D44752527C2E10A02FFBA4EE; };
		F6B4443BCAE1B9474E8F4848 /* AudioToolbox.framework */ = {isa = PBXBuildFile; fileRef = 97CBBE52A22C58409D38CF72; };
		F9F2C440E29C865CFE93891A /* AU */ = {isa = PBXBuildFile; fileRef = 5928AB65E2D2E289FC511853; };
		FB4CB420A4EC31CEA45A7EDB /* PathProducer.cpp */ = {isa = PBXBuildFile; fileRef = 81DD2B2AAFBDC1BA7258AE67; };
		FD97116C9F2C5CB0883BE3F4 /* VST3 */ = {isa = PBXBuildFile; fileRef = 31BD73EFBFB832E73F423224; };
		FED959A2027981BB19653873 /* Standalone Plugin */ = {isa = PBXBuildFile; fileRef = 5BD08F587466723092D1815D; };
/* End PBXBuildFile section */

/* Begin PBXFileReference section */
		08CE437A4A3410DC5748BB33 /* include_juce_audio_processors_lv2_libs.cpp */ /* include_juce_audio_processors_lv2_libs.cpp */ = {isa = PBXFileReference; lastKnownFileType = sourcecode.cpp.cpp; name = include_juce_audio_processors_lv2_libs.cpp; path = ../../JuceLibraryCode/include_juce_audio_processors_lv2_libs.cpp; sourceTree = SOURCE_ROOT; };
		0AC1A8D04EC50E567314112A /* AnalyzerPathGenerator.cpp */ /* AnalyzerPathGenerator.cpp */ = {isa = PBXFileReference; lastKnownFileType = sourcecode.cpp.cpp; name = AnalyzerPathGenerator.cpp; path = ../../Source/AnalyzerPathGenerator.cpp; sourceTree = SOURCE_ROOT; };
		0C19A79F1EE554E12B0E3E3F /* PathProducer.hpp */ /* PathProducer.hpp */ = {isa = PBXFileReference; lastKnownFileType = sourcecode.c.h; name = PathProducer.hpp; path = ../../Source/PathProducer.hpp; sourceTree = SOURCE_ROOT; };
		12EF876D42950F3C3106C665 /* include_juce_audio_basics.mm */ /* include_juce_audio_basics.mm */ = {isa = PBXFileReference; lastKnownFileType = sourcecode.cpp.objcpp; name = include_juce_audio_basics.mm; path = ../../JuceLibraryCode/include_juce_audio_basics.mm; sourceTree = SOURCE_ROOT; };
		1D87137ECA04A066231C5912 /* BypassToggleButton.hpp */ /* BypassToggleButton.hpp */ = {isa = PBXFileReference; lastKnownFileType = sourcecode.c.h; name = BypassToggleButton.hpp; path = ../../Source/BypassToggleButton.hpp; sourceTree = SOURCE_ROOT; };
		1EB216D249345900A8B1CBC3 /* CoreMIDI.framework */ /* CoreMIDI.framework */ = {isa = PBXFileReference; lastKnownFileType = wrapper.framework; name = CoreMIDI.framework; path = System/Library/Frameworks/CoreMIDI.framework; sourceTree = SDKROOT; };
		205864077C381692264D4694 /* SingleChannelSampleFifo.hpp */ /* SingleChannelSampleFifo.hpp */ = {isa = PBXFileReference; lastKnownFileType = sourcecode.c.h; name = SingleChannelSampleFifo.hpp; path = ../../Source/SingleChannelSampleFifo.hpp; sourceTree = SOURCE_ROOT; };
		220DC33DBE10F5260DEA4172 /* FFTOrder.h */ /* FFTOrder.h */ = {isa = PBXFileReference; lastKnownFileType = sourcecode.c.h; name = FFTOrder.h; path = ../../Source/FFTOrder.h; sourceTree = SOURCE_ROOT; };
		237B67F0B91A9ED379A20F58 /* juce_audio_devices */ /* juce_audio_devices */ = {isa = PBXFileReference; lastKnownFileType = folder; name = juce_audio_devices; path = /Users/jason/Files/repo/JUCE/modules/juce_audio_devices; sourceTree = "<absolute>"; };
		2ABBD2E18D64C8D280A5361D /* include_juce_audio_plugin_client_Standalone.cpp */ /* include_juce_audio_plugin_client_Standalone.cpp */ = {isa = PBXFileReference; lastKnownFileType = sourcecode.cpp.cpp; name = include_juce_audio_plugin_client_Standalone.cpp; path = ../../JuceLibraryCode/include_juce_audio_plugin_client_Standalone.cpp; sourceTree = SOURCE_ROOT; };
		2AD8131D338D3230CB459C4C /* RotarySliderLookAndFeel.hpp */ /* RotarySliderLookAndFeel.hpp */ = {isa = PBXFileReference; lastKnownFileType = sourcecode.c.h; name = RotarySliderLookAndFeel.hpp; path = ../../Source/RotarySliderLookAndFeel.hpp; sourceTree = SOURCE_ROOT; };
		2D49A6E2325F826C3F352B4F /* BypassToggleButton.cpp */ /* BypassToggleButton.cpp */ = {isa = PBXFileReference; lastKnownFileType = sourcecode.cpp.cpp; name = BypassToggleButton.cpp; path = ../../Source/BypassToggleButton.cpp; sourceTree = SOURCE_ROOT; };
		31BD73EFBFB832E73F423224 /* VST3 */ = {isa = PBXFileReference; explicitFileType = wrapper.cfbundle; includeInIndex = 0; path = SimpleEQ.vst3; sourceTree = BUILT_PRODUCTS_DIR; };
		326DAD26C77EB318A0B4ED1A /* juce_data_structures */ /* juce_data_structures */ = {isa = PBXFileReference; lastKnownFileType = folder; name = juce_data_structures; path = /Users/jason/Files/repo/JUCE/modules/juce_data_structures; sourceTree = "<absolute>"; };
		32D360380926471EAA3B1375 /* include_juce_data_structures.mm */ /* include_juce_data_structures.mm */ = {isa = PBXFileReference; lastKnownFileType = sourcecode.cpp.objcpp; name = include_juce_data_structures.mm; path = ../../JuceLibraryCode/include_juce_data_structures.mm; sourceTree = SOURCE_ROOT; };
		3534DE3931D06691BD6501D4 /* PluginProcessor.cpp */ /* PluginProcessor.cpp */ = {isa = PBXFileReference; lastKnownFileType = sourcecode.cpp.cpp; name = PluginProcessor.cpp; path = ../../Source/PluginProcessor.cpp; sourceTree = SOURCE_ROOT; };
		35DD7CC38E1ABB3751EF2C1A /* FFTDataGenerator.cpp */ /* FFTDataGenerator.cpp */ = {isa = PBXFileReference; lastKnownFileType = sourcecode.cpp.cpp; name = FFTDataGenerator.cpp; path = ../../Source/FFTDataGenerator.cpp; sourceTree = SOURCE_ROOT; };
		39230DB1AA07FAD397500D88 /* BinaryData.h */ /* BinaryData.h */ = {isa = PBXFileReference; lastKnownFileType = sourcecode.c.h; name = BinaryData.h; path = ../../JuceLibraryCode/BinaryData.h; sourceTree = SOURCE_ROOT; };
		3E634BDA500A22CDC0A5085A /* DiscRecording.framework */ /* DiscRecording.framework */ = {isa = PBXFileReference; lastKnownFileType = wrapper.framework; name = DiscRecording.framework; path = System/Library/Frameworks/DiscRecording.framework; sourceTree = SDKROOT; };
		3F5D46EC5AA81B3649613971 /* SingleChannelSampleFifo.cpp */ /* SingleChannelSampleFifo.cpp */ = {isa = PBXFileReference; lastKnownFileType = sourcecode.cpp.cpp; name = SingleChannelSampleFifo.cpp; path = ../../Source/SingleChannelSampleFifo.cpp; sourceTree = SOURCE_ROOT; };
		4BB0FDDD2F4F1360D828F6D9 /* FFTDataGenerator.hpp */ /* FFTDataGenerator.hpp */ = {isa = PBXFileReference; lastKnownFileType = sourcecode.c.h; name = FFTDataGenerator.hpp; path = ../../Source/FFTDataGenerator.hpp; sourceTree = SOURCE_ROOT; };
		51165C33B1A1F50F5C4AB09A /* include_juce_audio_processors_ara.cpp */ /* include_juce_audio_processors_ara.cpp */ = {isa = PBXFileReference; lastKnownFileType = sourcecode.cpp.cpp; name = include_juce_audio_processors_ara.cpp; path = ../../JuceLibraryCode/include_juce_audio_processors_ara.cpp; sourceTree = SOURCE_ROOT; };
		515644BFB37BD34B3F3FA1B7 /* CoreAudioKit.framework */ /* CoreAudioKit.framework */ = {isa = PBXFileReference; lastKnownFileType = wrapper.framework; name = CoreAudioKit.framework; path = System/Library/Frameworks/CoreAudioKit.framework; sourceTree = SDKROOT; };
		51BACEF4ADD82A85274DE141 /* ChainPositions.h */ /* ChainPositions.h */ = {isa = PBXFileReference; lastKnownFileType = sourcecode.c.h; name = ChainPositions.h; path = ../../Source/ChainPositions.h; sourceTree = SOURCE_ROOT; };
		52DC2A4E4A005BF3A0F95CD4 /* include_juce_audio_plugin_client_AU_2.mm */ /* include_juce_audio_plugin_client_AU_2.mm */ = {isa = PBXFileReference; lastKnownFileType = sourcecode.cpp.objcpp; name = include_juce_audio_plugin_client_AU_2.mm; path = ../../JuceLibraryCode/include_juce_audio_plugin_client_AU_2.mm; sourceTree = SOURCE_ROOT; };
		567DCB990ED29AF35DAF0F3A /* RotarySliderLookAndFeel.cpp */ /* RotarySliderLookAndFeel.cpp */ = {isa = PBXFileReference; lastKnownFileType = sourcecode.cpp.cpp; name = RotarySliderLookAndFeel.cpp; path = ../../Source/RotarySliderLookAndFeel.cpp; sourceTree = SOURCE_ROOT; };
		56FA4748485D745EAC80EEE9 /* ResponseCurveComponent.hpp */ /* ResponseCurveComponent.hpp */ = {isa = PBXFileReference; lastKnownFileType = sourcecode.c.h; name = ResponseCurveComponent.hpp; path = ../../Source/ResponseCurveComponent.hpp; sourceTree = SOURCE_ROOT; };
		58C1803870BE925EF8017CE3 /* JucePluginDefines.h */ /* JucePluginDefines.h */ = {isa = PBXFileReference; lastKnownFileType = sourcecode.c.h; name = JucePluginDefines.h; path = ../../JuceLibraryCode/JucePluginDefines.h; sourceTree = SOURCE_ROOT; };
		5928AB65E2D2E289FC511853 /* AU */ = {isa = PBXFileReference; explicitFileType = wrapper.cfbundle; includeInIndex = 0; path = SimpleEQ.component; sourceTree = BUILT_PRODUCTS_DIR; };
		5B6CF8835D41A70431D796A3 /* CustomColors.cpp */ /* CustomColors.cpp */ = {isa = PBXFileReference; lastKnownFileType = sourcecode.cpp.cpp; name = CustomColors.cpp; path = ../../Source/CustomColors.cpp; sourceTree = SOURCE_ROOT; };
		5BD08F587466723092D1815D /* Standalone Plugin */ = {isa = PBXFileReference; explicitFileType = wrapper.application; includeInIndex = 0; path = SimpleEQ.app; sourceTree = BUILT_PRODUCTS_DIR; };
		5F023C934D03B084A483A026 /* Info-AU.plist */ /* Info-AU.plist */ = {isa = PBXFileReference; lastKnownFileType = text.plist.xml; name = "Info-AU.plist"; path = "Info-AU.plist"; sourceTree = SOURCE_ROOT; };
		60D285F39E84E9B05A264D93 /* Foundation.framework */ /* Foundation.framework */ = {isa = PBXFileReference; lastKnownFileType = wrapper.framework; name = Foundation.framework; path = System/Library/Frameworks/Foundation.framework; sourceTree = SDKROOT; };
		67D24E983F60ABCF02760CE1 /* juce_audio_processors */ /* juce_audio_processors */ = {isa = PBXFileReference; lastKnownFileType = folder; name = juce_audio_processors; path = /Users/jason/Files/repo/JUCE/modules/juce_audio_processors; sourceTree = "<absolute>"; };
		6880C824CDC3D54C4E160C46 /* BypassButtonLookAndFeel.cpp */ /* BypassButtonLookAndFeel.cpp */ = {isa = PBXFileReference; lastKnownFileType = sourcecode.cpp.cpp; name = BypassButtonLookAndFeel.cpp; path = ../../Source/BypassButtonLookAndFeel.cpp; sourceTree = SOURCE_ROOT; };
		68B5B0232B269419412FD6DF /* Cocoa.framework */ /* Cocoa.framework */ = {isa = PBXFileReference; lastKnownFileType = wrapper.framework; name = Cocoa.framework; path = System/Library/Frameworks/Cocoa.framework; sourceTree = SDKROOT; };
		6B45214BE7A7E5BF9DE95599 /* JuceHeader.h */ /* JuceHeader.h */ = {isa = PBXFileReference; lastKnownFileType = sourcecode.c.h; name = JuceHeader.h; path = ../../JuceLibraryCode/JuceHeader.h; sourceTree = SOURCE_ROOT; };
		6BAFDE08698C8A29E3DED0E4 /* RecentFilesMenuTemplate.nib */ /* RecentFilesMenuTemplate.nib */ = {isa = PBXFileReference; lastKnownFileType = file.nib; name = RecentFilesMenuTemplate.nib; path = RecentFilesMenuTemplate.nib; sourceTree = SOURCE_ROOT; };
		6DFE11819232F41AA99C147C /* juce_core */ /* juce_core */ = {isa = PBXFileReference; lastKnownFileType = folder; name = juce_core; path = /Users/jason/Files/repo/JUCE/modules/juce_core; sourceTree = "<absolute>"; };
		6F526204C3A7A5F98384F198 /* include_juce_gui_extra.mm */ /* include_juce_gui_extra.mm */ = {isa = PBXFileReference; lastKnownFileType = sourcecode.cpp.objcpp; name = include_juce_gui_extra.mm; path = ../../JuceLibraryCode/include_juce_gui_extra.mm; sourceTree = SOURCE_ROOT; };
		6F9C3EE0C8A94B31ED7DEFBC /* RotarySliderWithLabels.hpp */ /* RotarySliderWithLabels.hpp */ = {isa = PBXFileReference; lastKnownFileType = sourcecode.c.h; name = RotarySliderWithLabels.hpp; path = ../../Source/RotarySliderWithLabels.hpp; sourceTree = SOURCE_ROOT; };
		714A8ABAB455D250435A0EB5 /* Slope.h */ /* Slope.h */ = {isa = PBXFileReference; lastKnownFileType = sourcecode.c.h; name = Slope.h; path = ../../Source/Slope.h; sourceTree = SOURCE_ROOT; };
		72FED12100BB7D5B8EC27661 /* include_juce_audio_utils.mm */ /* include_juce_audio_utils.mm */ = {isa = PBXFileReference; lastKnownFileType = sourcecode.cpp.objcpp; name = include_juce_audio_utils.mm; path = ../../JuceLibraryCode/include_juce_audio_utils.mm; sourceTree = SOURCE_ROOT; };
		7461BBDA214FFD7D9E289D2B /* CustomColors.hpp */ /* CustomColors.hpp */ = {isa = PBXFileReference; lastKnownFileType = sourcecode.c.h; name = CustomColors.hpp; path = ../../Source/CustomColors.hpp; sourceTree = SOURCE_ROOT; };
		75C24682A511BD745CB2F89E /* juce_dsp */ /* juce_dsp */ = {isa = PBXFileReference; lastKnownFileType = folder; name = juce_dsp; path = /Users/jason/Files/repo/JUCE/modules/juce_dsp; sourceTree = "<absolute>"; };
		7889DBC4A4240C3441608326 /* juce_gui_basics */ /* juce_gui_basics */ = {isa = PBXFileReference; lastKnownFileType = folder; name = juce_gui_basics; path = /Users/jason/Files/repo/JUCE/modules/juce_gui_basics; sourceTree = "<absolute>"; };
		7BC9815186332E28D2E15FF7 /* QuartzCore.framework */ /* QuartzCore.framework */ = {isa = PBXFileReference; lastKnownFileType = wrapper.framework; name = QuartzCore.framework; path = System/Library/Frameworks/QuartzCore.framework; sourceTree = SDKROOT; };
		80EC6C9484F0CFFDA447155F /* AnalyzerButtonLookAndFeel.hpp */ /* AnalyzerButtonLookAndFeel.hpp */ = {isa = PBXFileReference; lastKnownFileType = sourcecode.c.h; name = AnalyzerButtonLookAndFeel.hpp; path = ../../Source/AnalyzerButtonLookAndFeel.hpp; sourceTree = SOURCE_ROOT; };
		81DD2B2AAFBDC1BA7258AE67 /* PathProducer.cpp */ /* PathProducer.cpp */ = {isa = PBXFileReference; lastKnownFileType = sourcecode.cpp.cpp; name = PathProducer.cpp; path = ../../Source/PathProducer.cpp; sourceTree = SOURCE_ROOT; };
		83432143EF73047D1864B283 /* include_juce_gui_basics.mm */ /* include_juce_gui_basics.mm */ = {isa = PBXFileReference; lastKnownFileType = sourcecode.cpp.objcpp; name = include_juce_gui_basics.mm; path = ../../JuceLibraryCode/include_juce_gui_basics.mm; sourceTree = SOURCE_ROOT; };
		876A6AB8EB819D02F251FB94 /* IOKit.framework */ /* IOKit.framework */ = {isa = PBXFileReference; lastKnownFileType = wrapper.framework; name = IOKit.framework; path = System/Library/Frameworks/IOKit.framework; sourceTree = SDKROOT; };
		881C7FE328F18C97819C28D0 /* AudioUnit.framework */ /* AudioUnit.framework */ = {isa = PBXFileReference; lastKnownFileType = wrapper.framework; name = AudioUnit.framework; path = System/Library/Frameworks/AudioUnit.framework; sourceTree = SDKROOT; };
		889B606D4A23AA7E62A47C4A /* include_juce_audio_plugin_client_AU_1.mm */ /* include_juce_audio_plugin_client_AU_1.mm */ = {isa = PBXFileReference; lastKnownFileType = sourcecode.cpp.objcpp; name = include_juce_audio_plugin_client_AU_1.mm; path = ../../JuceLibraryCode/include_juce_audio_plugin_client_AU_1.mm; sourceTree = SOURCE_ROOT; };
		897E4B810A78D60005E3A553 /* PluginProcessor.h */ /* PluginProcessor.h */ = {isa = PBXFileReference; lastKnownFileType = sourcecode.c.h; name = PluginProcessor.h; path = ../../Source/PluginProcessor.h; sourceTree = SOURCE_ROOT; };
		89CA0F115A7D62AA70DF3B89 /* juce_events */ /* juce_events */ = {isa = PBXFileReference; lastKnownFileType = folder; name = juce_events; path = /Users/jason/Files/repo/JUCE/modules/juce_events; sourceTree = "<absolute>"; };
		8A51A5AEE4BF7E42BB052463 /* include_juce_events.mm */ /* include_juce_events.mm */ = {isa = PBXFileReference; lastKnownFileType = sourcecode.cpp.objcpp; name = include_juce_events.mm; path = ../../JuceLibraryCode/include_juce_events.mm; sourceTree = SOURCE_ROOT; };
		8F8E3A72B14EE2157B6EB7A5 /* Fifo.hpp */ /* Fifo.hpp */ = {isa = PBXFileReference; lastKnownFileType = sourcecode.c.h; name = Fifo.hpp; path = ../../Source/Fifo.hpp; sourceTree = SOURCE_ROOT; };
		8FEA7DC7CCEB4D65A752E8A6 /* Shared Code */ = {isa = PBXFileReference; explicitFileType = archive.ar; includeInIndex = 0; path = libSimpleEQ.a; sourceTree = BUILT_PRODUCTS_DIR; };
		90DBD68E5C24EF5305C442CD /* ResponseCurveComponent.cpp */ /* ResponseCurveComponent.cpp */ = {isa = PBXFileReference; lastKnownFileType = sourcecode.cpp.cpp; name = ResponseCurveComponent.cpp; path = ../../Source/ResponseCurveComponent.cpp; sourceTree = SOURCE_ROOT; };
		924A1A2D0AC650B9C0BF18B5 /* PluginEditor.cpp */ /* PluginEditor.cpp */ = {isa = PBXFileReference; lastKnownFileType = sourcecode.cpp.cpp; name = PluginEditor.cpp; path = ../../Source/PluginEditor.cpp; sourceTree = SOURCE_ROOT; };
		9308ED8BDAD59F1A3911E4BE /* juce_audio_plugin_client */ /* juce_audio_plugin_client */ = {isa = PBXFileReference; lastKnownFileType = folder; name = juce_audio_plugin_client; path = /Users/jason/Files/repo/JUCE/modules/juce_audio_plugin_client; sourceTree = "<absolute>"; };
		962C63EEF8AC4A8B1E27D5CD /* juce_audio_formats */ /* juce_audio_formats */ = {isa = PBXFileReference; lastKnownFileType = folder; name = juce_audio_formats; path = /Users/jason/Files/repo/JUCE/modules/juce_audio_formats; sourceTree = "<absolute>"; };
		97CBBE52A22C58409D38CF72 /* AudioToolbox.framework */ /* AudioToolbox.framework */ = {isa = PBXFileReference; lastKnownFileType = wrapper.framework; name = AudioToolbox.framework; path = System/Library/Frameworks/AudioToolbox.framework; sourceTree = SDKROOT; };
		9B45FBA82A9E21BF4DFA75ED /* RotarySliderWithLabels.cpp */ /* RotarySliderWithLabels.cpp */ = {isa = PBXFileReference; lastKnownFileType = sourcecode.cpp.cpp; name = RotarySliderWithLabels.cpp; path = ../../Source/RotarySliderWithLabels.cpp; sourceTree = SOURCE_ROOT; };
		9D02F432F2D570D97EB876E4 /* PluginEditor.h */ /* PluginEditor.h */ = {isa = PBXFileReference; lastKnownFileType = sourcecode.c.h; name = PluginEditor.h; path = ../../Source/PluginEditor.h; sourceTree = SOURCE_ROOT; };
		9E361C05C7DDB5774B7C998B /* AnalyzerButtonLookAndFeel.cpp */ /* AnalyzerButtonLookAndFeel.cpp */ = {isa = PBXFileReference; lastKnownFileType = sourcecode.cpp.cpp; name = AnalyzerButtonLookAndFeel.cpp; path = ../../Source/AnalyzerButtonLookAndFeel.cpp; sourceTree = SOURCE_ROOT; };
		A3233D5322226B2006D51E93 /* include_juce_audio_processors.mm */ /* include_juce_audio_processors.mm */ = {isa = PBXFileReference; lastKnownFileType = sourcecode.cpp.objcpp; name = include_juce_audio_processors.mm; path = ../../JuceLibraryCode/include_juce_audio_processors.mm; sourceTree = SOURCE_ROOT; };
		A44748E2137927178EF9D384 /* include_juce_dsp.mm */ /* include_juce_dsp.mm */ = {isa = PBXFileReference; lastKnownFileType = sourcecode.cpp.objcpp; name = include_juce_dsp.mm; path = ../../JuceLibraryCode/include_juce_dsp.mm; sourceTree = SOURCE_ROOT; };
		A592CBD60E516414772A9809 /* juce_gui_extra */ /* juce_gui_extra */ = {isa = PBXFileReference; lastKnownFileType = folder; name = juce_gui_extra; path = /Users/jason/Files/repo/JUCE/modules/juce_gui_extra; sourceTree = "<absolute>"; };
		A6F252DABD955A332FC0A5C8 /* CoreAudio.framework */ /* CoreAudio.framework */ = {isa = PBXFileReference; lastKnownFileType = wrapper.framework; name = CoreAudio.framework; path = System/Library/Frameworks/CoreAudio.framework; sourceTree = SDKROOT; };
		A78168401A99D0A85A6DE187 /* include_juce_graphics.mm */ /* include_juce_graphics.mm */ = {isa = PBXFileReference; lastKnownFileType = sourcecode.cpp.objcpp; name = include_juce_graphics.mm; path = ../../JuceLibraryCode/include_juce_graphics.mm; sourceTree = SOURCE_ROOT; };
		ACD00F8AECB1C5AC7DE82F40 /* AnalyzerButton.hpp */ /* AnalyzerButton.hpp */ = {isa = PBXFileReference; lastKnownFileType = sourcecode.c.h; name = AnalyzerButton.hpp; path = ../../Source/AnalyzerButton.hpp; sourceTree = SOURCE_ROOT; };
		AEAFFC7065C35120063ADEC2 /* Accelerate.framework */ /* Accelerate.framework */ = {isa = PBXFileReference; lastKnownFileType = wrapper.framework; name = Accelerate.framework; path = System/Library/Frameworks/Accelerate.framework; sourceTree = SDKROOT; };
		AF76C579E80F0EEB6D5A7874 /* BypassButtonLookAndFeel.hpp */ /* BypassButtonLookAndFeel.hpp */ = {isa = PBXFileReference; lastKnownFileType = sourcecode.c.h; name = BypassButtonLookAndFeel.hpp; path = ../../Source/BypassButtonLookAndFeel.hpp; sourceTree = SOURCE_ROOT; };
		B36BEFEE1AD7A28A08746595 /* ChainSettings.h */ /* ChainSettings.h */ = {isa = PBXFileReference; lastKnownFileType = sourcecode.c.h; name = ChainSettings.h; path = ../../Source/ChainSettings.h; sourceTree = SOURCE_ROOT; };
		B5232268DB71BFE2407177B3 /* Fifo.cpp */ /* Fifo.cpp */ = {isa = PBXFileReference; lastKnownFileType = sourcecode.cpp.cpp; name = Fifo.cpp; path = ../../Source/Fifo.cpp; sourceTree = SOURCE_ROOT; };
		B754FF5F241F294CAA28EF29 /* Icon.icns */ /* Icon.icns */ = {isa = PBXFileReference; lastKnownFileType = file.icns; name = Icon.icns; path = ../../Resources/Icon.icns; sourceTree = SOURCE_ROOT; };
		B7ABC5AF1DB993582AF3BE70 /* include_juce_audio_plugin_client_VST3.mm */ /* include_juce_audio_plugin_client_VST3.mm */ = {isa = PBXFileReference; lastKnownFileType = sourcecode.cpp.objcpp; name = include_juce_audio_plugin_client_VST3.mm; path = ../../JuceLibraryCode/include_juce_audio_plugin_client_VST3.mm; sourceTree = SOURCE_ROOT; };
		BB370238B3F49BE7613AEE2D /* Channel.hpp */ /* Channel.hpp */ = {isa = PBXFileReference; lastKnownFileType = sourcecode.c.h; name = Channel.hpp; path = ../../Source/Channel.hpp; sourceTree = SOURCE_ROOT; };
		C4A4FEE4967E1EF4D27A994C /* BinaryData.cpp */ /* BinaryData.cpp */ = {isa = PBXFileReference; lastKnownFileType = sourcecode.cpp.cpp; name = BinaryData.cpp; path = ../../JuceLibraryCode/BinaryData.cpp; sourceTree = SOURCE_ROOT; };
		C62812D475874EBD92F83E18 /* include_juce_audio_formats.mm */ /* include_juce_audio_formats.mm */ = {isa = PBXFileReference; lastKnownFileType = sourcecode.cpp.objcpp; name = include_juce_audio_formats.mm; path = ../../JuceLibraryCode/include_juce_audio_formats.mm; sourceTree = SOURCE_ROOT; };
		CB6E93121103C2ADDB169186 /* include_juce_core.mm */ /* include_juce_core.mm */ = {isa = PBXFileReference; lastKnownFileType = sourcecode.cpp.objcpp; name = include_juce_core.mm; path = ../../JuceLibraryCode/include_juce_core.mm; sourceTree = SOURCE_ROOT; };
		D44752527C2E10A02FFBA4EE /* AnalyzerButton.cpp */ /* AnalyzerButton.cpp */ = {isa = PBXFileReference; lastKnownFileType = sourcecode.cpp.cpp; name = AnalyzerButton.cpp; path = ../../Source/AnalyzerButton.cpp; sourceTree = SOURCE_ROOT; };
		D5C39FE0595D352D158B02B5 /* AnalyzerPathGenerator.hpp */ /* AnalyzerPathGenerator.hpp */ = {isa = PBXFileReference; lastKnownFileType = sourcecode.c.h; name = AnalyzerPathGenerator.hpp; path = ../../Source/AnalyzerPathGenerator.hpp; sourceTree = SOURCE_ROOT; };
		D6E1DDBC61C3A81AD3D41909 /* juce_audio_basics */ /* juce_audio_basics */ = {isa = PBXFileReference; lastKnownFileType = folder; name = juce_audio_basics; path = /Users/jason/Files/repo/JUCE/modules/juce_audio_basics; sourceTree = "<absolute>"; };
		E3201EC4271B9AE48EE120B5 /* include_juce_audio_plugin_client_ARA.cpp */ /* include_juce_audio_plugin_client_ARA.cpp */ = {isa = PBXFileReference; lastKnownFileType = sourcecode.cpp.cpp; name = include_juce_audio_plugin_client_ARA.cpp; path = ../../JuceLibraryCode/include_juce_audio_plugin_client_ARA.cpp; sourceTree = SOURCE_ROOT; };
		EACFE11F88273468CC5F3780 /* WebKit.framework */ /* WebKit.framework */ = {isa = PBXFileReference; lastKnownFileType = wrapper.framework; name = WebKit.framework; path = System/Library/Frameworks/WebKit.framework; sourceTree = SDKROOT; };
		EBE12CC6887F30E237213EA5 /* Security.framework */ /* Security.framework */ = {isa = PBXFileReference; lastKnownFileType = wrapper.framework; name = Security.framework; path = System/Library/Frameworks/Security.framework; sourceTree = SDKROOT; };
		EDE809B5AC1494876E324A18 /* Info-Standalone_Plugin.plist */ /* Info-Standalone_Plugin.plist */ = {isa = PBXFileReference; lastKnownFileType = text.plist.xml; name = "Info-Standalone_Plugin.plist"; path = "Info-Standalone_Plugin.plist"; sourceTree = SOURCE_ROOT; };
		F17A11FA3C44BBB70B1DC13E /* include_juce_audio_devices.mm */ /* include_juce_audio_devices.mm */ = {isa = PBXFileReference; lastKnownFileType = sourcecode.cpp.objcpp; name = include_juce_audio_devices.mm; path = ../../JuceLibraryCode/include_juce_audio_devices.mm; sourceTree = SOURCE_ROOT; };
		F32C888B4C69802ED595910F /* juce_graphics */ /* juce_graphics */ = {isa = PBXFileReference; lastKnownFileType = folder; name = juce_graphics; path = /Users/jason/Files/repo/JUCE/modules/juce_graphics; sourceTree = "<absolute>"; };
		F837C5CD94C39F64AA2D4DDB /* Info-VST3.plist */ /* Info-VST3.plist */ = {isa = PBXFileReference; lastKnownFileType = text.plist.xml; name = "Info-VST3.plist"; path = "Info-VST3.plist"; sourceTree = SOURCE_ROOT; };
		F91B766FF8485E870AF5E0AD /* juce_audio_utils */ /* juce_audio_utils */ = {isa = PBXFileReference; lastKnownFileType = folder; name = juce_audio_utils; path = /Users/jason/Files/repo/JUCE/modules/juce_audio_utils; sourceTree = "<absolute>"; };
/* End PBXFileReference section */

/* Begin PBXFrameworksBuildPhase section */
		2694492CB2FFA0CD2F70EB8A = {
			isa = PBXFrameworksBuildPhase;
			buildActionMask = 2147483647;
			files = (
				948D61FA9E7E5CAEF1911080,
				848959F224511DF3FFEF9691,
				F6B4443BCAE1B9474E8F4848,
				AEC999D00E12AA0D4FBF8621,
				3A47B6D5CFADCC5966C97FE0,
				7FA927DF1283C2556AC9E026,
				B8A3CC580121AC93D0A0A184,
				A6330C28417D9119EDA1EE92,
				421FB55E0FBF48BA318023CC,
				62023AE407D6D810ED09D5BF,
				CBFF9714CCAD8BE59CA9B625,
				C0E32430DBB00C7DC8EBAEFA,
				74CF4B1D44BC300EC7ABA194,
			);
			runOnlyForDeploymentPostprocessing = 0;
		};
		E61B0C048AD7358A07836875 = {
			isa = PBXFrameworksBuildPhase;
			buildActionMask = 2147483647;
			files = (
				848959F224511DF3FFEF9691,
				F6B4443BCAE1B9474E8F4848,
				AEC999D00E12AA0D4FBF8621,
				3A47B6D5CFADCC5966C97FE0,
				7FA927DF1283C2556AC9E026,
				B8A3CC580121AC93D0A0A184,
				A6330C28417D9119EDA1EE92,
				421FB55E0FBF48BA318023CC,
				62023AE407D6D810ED09D5BF,
				CBFF9714CCAD8BE59CA9B625,
				C0E32430DBB00C7DC8EBAEFA,
				74CF4B1D44BC300EC7ABA194,
			);
			runOnlyForDeploymentPostprocessing = 0;
		};
		EEB0943B02EF93319E4DAFDE = {
			isa = PBXFrameworksBuildPhase;
			buildActionMask = 2147483647;
			files = (
				848959F224511DF3FFEF9691,
				F6B4443BCAE1B9474E8F4848,
				AEC999D00E12AA0D4FBF8621,
				3A47B6D5CFADCC5966C97FE0,
				7FA927DF1283C2556AC9E026,
				B8A3CC580121AC93D0A0A184,
				A6330C28417D9119EDA1EE92,
				421FB55E0FBF48BA318023CC,
				62023AE407D6D810ED09D5BF,
				CBFF9714CCAD8BE59CA9B625,
				C0E32430DBB00C7DC8EBAEFA,
				74CF4B1D44BC300EC7ABA194,
			);
			runOnlyForDeploymentPostprocessing = 0;
		};
/* End PBXFrameworksBuildPhase section */

/* Begin PBXGroup section */
		039D8B633E5453EC383960FA /* SimpleEQ */ = {
			isa = PBXGroup;
			children = (
				61E61B7D339C972AF05EE5CD,
				E56130FDAF4450CAFFB32387,
			);
			name = SimpleEQ;
			sourceTree = "<group>";
		};
		0AC2979537D6046B0E48B4F2 /* LookAndFeel */ = {
			isa = PBXGroup;
			children = (
				9E361C05C7DDB5774B7C998B,
				80EC6C9484F0CFFDA447155F,
				6880C824CDC3D54C4E160C46,
				AF76C579E80F0EEB6D5A7874,
				567DCB990ED29AF35DAF0F3A,
				2AD8131D338D3230CB459C4C,
			);
			name = LookAndFeel;
			sourceTree = "<group>";
		};
		22F79C253EAB520A90F5602D /* Products */ = {
			isa = PBXGroup;
			children = (
				31BD73EFBFB832E73F423224,
				5928AB65E2D2E289FC511853,
				5BD08F587466723092D1815D,
				8FEA7DC7CCEB4D65A752E8A6,
			);
			name = Products;
			sourceTree = "<group>";
		};
		42A6E3642CDC7A9E593EAF99 /* JUCE Library Code */ = {
			isa = PBXGroup;
			children = (
				C4A4FEE4967E1EF4D27A994C,
				39230DB1AA07FAD397500D88,
				12EF876D42950F3C3106C665,
				F17A11FA3C44BBB70B1DC13E,
				C62812D475874EBD92F83E18,
				E3201EC4271B9AE48EE120B5,
				889B606D4A23AA7E62A47C4A,
				52DC2A4E4A005BF3A0F95CD4,
				2ABBD2E18D64C8D280A5361D,
				B7ABC5AF1DB993582AF3BE70,
				A3233D5322226B2006D51E93,
				51165C33B1A1F50F5C4AB09A,
				08CE437A4A3410DC5748BB33,
				72FED12100BB7D5B8EC27661,
				CB6E93121103C2ADDB169186,
				32D360380926471EAA3B1375,
				A44748E2137927178EF9D384,
				8A51A5AEE4BF7E42BB052463,
				A78168401A99D0A85A6DE187,
				83432143EF73047D1864B283,
				6F526204C3A7A5F98384F198,
				6B45214BE7A7E5BF9DE95599,
				58C1803870BE925EF8017CE3,
			);
			name = "JUCE Library Code";
			sourceTree = "<group>";
		};
		61E61B7D339C972AF05EE5CD /* Resources */ = {
			isa = PBXGroup;
			children = (
				B754FF5F241F294CAA28EF29,
			);
			name = Resources;
			sourceTree = "<group>";
		};
		6B4D2B88237A5B0C986D6B73 /* Resources */ = {
			isa = PBXGroup;
			children = (
				F837C5CD94C39F64AA2D4DDB,
				5F023C934D03B084A483A026,
				EDE809B5AC1494876E324A18,
				6BAFDE08698C8A29E3DED0E4,
			);
			name = Resources;
			sourceTree = "<group>";
		};
		6C1DC9E92BE92E424A0AA094 /* ViewsComponents */ = {
			isa = PBXGroup;
			children = (
				0AC2979537D6046B0E48B4F2,
				D44752527C2E10A02FFBA4EE,
				ACD00F8AECB1C5AC7DE82F40,
				2D49A6E2325F826C3F352B4F,
				1D87137ECA04A066231C5912,
				90DBD68E5C24EF5305C442CD,
				56FA4748485D745EAC80EEE9,
				9B45FBA82A9E21BF4DFA75ED,
				6F9C3EE0C8A94B31ED7DEFBC,
			);
			name = ViewsComponents;
			sourceTree = "<group>";
		};
		739BB41664E28A50CC32EB40 /* Source */ = {
			isa = PBXGroup;
			children = (
				039D8B633E5453EC383960FA,
				FFA8DE1759B1FB4A042DAE20,
				42A6E3642CDC7A9E593EAF99,
				6B4D2B88237A5B0C986D6B73,
				8DB3B75D67A9063B0EC85739,
				22F79C253EAB520A90F5602D,
			);
			name = Source;
			sourceTree = "<group>";
		};
		8DB3B75D67A9063B0EC85739 /* Frameworks */ = {
			isa = PBXGroup;
			children = (
				881C7FE328F18C97819C28D0,
				AEAFFC7065C35120063ADEC2,
				97CBBE52A22C58409D38CF72,
				68B5B0232B269419412FD6DF,
				A6F252DABD955A332FC0A5C8,
				515644BFB37BD34B3F3FA1B7,
				1EB216D249345900A8B1CBC3,
				3E634BDA500A22CDC0A5085A,
				60D285F39E84E9B05A264D93,
				876A6AB8EB819D02F251FB94,
				7BC9815186332E28D2E15FF7,
				EBE12CC6887F30E237213EA5,
				EACFE11F88273468CC5F3780,
			);
			name = Frameworks;
			sourceTree = "<group>";
		};
		95548540437C40A88EE82C94 /* Services */ = {
			isa = PBXGroup;
			children = (
				0AC1A8D04EC50E567314112A,
				D5C39FE0595D352D158B02B5,
				35DD7CC38E1ABB3751EF2C1A,
				4BB0FDDD2F4F1360D828F6D9,
				B5232268DB71BFE2407177B3,
				8F8E3A72B14EE2157B6EB7A5,
				81DD2B2AAFBDC1BA7258AE67,
				0C19A79F1EE554E12B0E3E3F,
				3F5D46EC5AA81B3649613971,
				205864077C381692264D4694,
			);
			name = Services;
			sourceTree = "<group>";
		};
		DD84190920D341008CF3FB60 /* Models */ = {
			isa = PBXGroup;
			children = (
				51BACEF4ADD82A85274DE141,
				B36BEFEE1AD7A28A08746595,
				BB370238B3F49BE7613AEE2D,
				5B6CF8835D41A70431D796A3,
				7461BBDA214FFD7D9E289D2B,
				220DC33DBE10F5260DEA4172,
				714A8ABAB455D250435A0EB5,
			);
			name = Models;
			sourceTree = "<group>";
		};
		E56130FDAF4450CAFFB32387 /* Source */ = {
			isa = PBXGroup;
			children = (
				DD84190920D341008CF3FB60,
				6C1DC9E92BE92E424A0AA094,
				95548540437C40A88EE82C94,
				3534DE3931D06691BD6501D4,
				897E4B810A78D60005E3A553,
				924A1A2D0AC650B9C0BF18B5,
				9D02F432F2D570D97EB876E4,
			);
			name = Source;
			sourceTree = "<group>";
		};
		FFA8DE1759B1FB4A042DAE20 /* JUCE Modules */ = {
			isa = PBXGroup;
			children = (
				D6E1DDBC61C3A81AD3D41909,
				237B67F0B91A9ED379A20F58,
				962C63EEF8AC4A8B1E27D5CD,
				9308ED8BDAD59F1A3911E4BE,
				67D24E983F60ABCF02760CE1,
				F91B766FF8485E870AF5E0AD,
				6DFE11819232F41AA99C147C,
				326DAD26C77EB318A0B4ED1A,
				75C24682A511BD745CB2F89E,
				89CA0F115A7D62AA70DF3B89,
				F32C888B4C69802ED595910F,
				7889DBC4A4240C3441608326,
				A592CBD60E516414772A9809,
			);
			name = "JUCE Modules";
			sourceTree = "<group>";
		};
/* End PBXGroup section */

/* Begin PBXNativeTarget section */
		2DC9479A82C0495AADE7AEC2 /* SimpleEQ - VST3 */ = {
			isa = PBXNativeTarget;
			buildConfigurationList = 35A4DCFC2DDDC5F92441651D;
			buildPhases = (
				5E4D93A023360E221A3CE96B,
				16A01E9F5FB2E9C6D5082475,
				EEB0943B02EF93319E4DAFDE,
			);
			buildRules = (
			);
			dependencies = (
				FD1ECD0CFF17032E1D0D38B1,
			);
			name = "SimpleEQ - VST3";
			productName = SimpleEQ;
			productReference = 31BD73EFBFB832E73F423224;
			productType = "com.apple.product-type.bundle";
		};
		3E50DC7EEF97D2BB118F67FC /* SimpleEQ - AU */ = {
			isa = PBXNativeTarget;
			buildConfigurationList = 1210CAAA71EEE1EB68D61280;
			buildPhases = (
				E4D20BB98DC60FD4AA54CE4E,
				2934EAE582CC243BE9C43B85,
				2694492CB2FFA0CD2F70EB8A,
			);
			buildRules = (
			);
			dependencies = (
				AB17F92CEEE4EB4BA128AE49,
			);
			name = "SimpleEQ - AU";
			productName = SimpleEQ;
			productReference = 5928AB65E2D2E289FC511853;
			productType = "com.apple.product-type.bundle";
		};
		B8109CE13FCA7E4DCBA19A7D /* SimpleEQ - Shared Code */ = {
			isa = PBXNativeTarget;
			buildConfigurationList = 985B652A8970413E2C59525B;
			buildPhases = (
				820E691922495E43E4D04CE4,
			);
			buildRules = (
			);
			dependencies = (
			);
			name = "SimpleEQ - Shared Code";
			productName = SimpleEQ;
			productReference = 8FEA7DC7CCEB4D65A752E8A6;
			productType = "com.apple.product-type.library.static";
		};
		CB69E293932B58DC0FBABEF0 /* SimpleEQ - Standalone Plugin */ = {
			isa = PBXNativeTarget;
			buildConfigurationList = BA62AEAADE20E199188B1CB0;
			buildPhases = (
				E6F866A0C8281E3C5079BECD,
				866B48834E3FD815E6DE7265,
				E61B0C048AD7358A07836875,
			);
			buildRules = (
			);
			dependencies = (
				14EC9A4192942A51E66C03EA,
			);
			name = "SimpleEQ - Standalone Plugin";
			productName = SimpleEQ;
			productReference = 5BD08F587466723092D1815D;
			productType = "com.apple.product-type.application";
		};
/* End PBXNativeTarget section */

/* Begin PBXProject section */
		FA5EF1C23DD420D62622A0AF = {
			isa = PBXProject;
			attributes = {
				LastUpgradeCheck = 1340;
				ORGANIZATIONNAME = "TaurusStudios";
				TargetAttributes = {
					2DC9479A82C0495AADE7AEC2 = {
						SystemCapabilities = {
							com.apple.ApplicationGroups.iOS = {
								enabled = 0;
							};
							com.apple.HardenedRuntime = {
								enabled = 0;
							};
							com.apple.InAppPurchase = {
								enabled = 0;
							};
							com.apple.InterAppAudio = {
								enabled = 0;
							};
							com.apple.Push = {
								enabled = 0;
							};
							com.apple.Sandbox = {
								enabled = 0;
							};
						};
					};
					3E50DC7EEF97D2BB118F67FC = {
						SystemCapabilities = {
							com.apple.ApplicationGroups.iOS = {
								enabled = 0;
							};
							com.apple.HardenedRuntime = {
								enabled = 0;
							};
							com.apple.InAppPurchase = {
								enabled = 0;
							};
							com.apple.InterAppAudio = {
								enabled = 0;
							};
							com.apple.Push = {
								enabled = 0;
							};
							com.apple.Sandbox = {
								enabled = 0;
							};
						};
					};
					7C967074D129DA18B1538EBB = {
						SystemCapabilities = {
							com.apple.ApplicationGroups.iOS = {
								enabled = 0;
							};
							com.apple.HardenedRuntime = {
								enabled = 0;
							};
							com.apple.InAppPurchase = {
								enabled = 0;
							};
							com.apple.InterAppAudio = {
								enabled = 0;
							};
							com.apple.Push = {
								enabled = 0;
							};
							com.apple.Sandbox = {
								enabled = 0;
							};
						};
					};
					B8109CE13FCA7E4DCBA19A7D = {
						SystemCapabilities = {
							com.apple.ApplicationGroups.iOS = {
								enabled = 0;
							};
							com.apple.HardenedRuntime = {
								enabled = 0;
							};
							com.apple.InAppPurchase = {
								enabled = 0;
							};
							com.apple.InterAppAudio = {
								enabled = 0;
							};
							com.apple.Push = {
								enabled = 0;
							};
							com.apple.Sandbox = {
								enabled = 0;
							};
						};
					};
					CB69E293932B58DC0FBABEF0 = {
						SystemCapabilities = {
							com.apple.ApplicationGroups.iOS = {
								enabled = 0;
							};
							com.apple.HardenedRuntime = {
								enabled = 0;
							};
							com.apple.InAppPurchase = {
								enabled = 0;
							};
							com.apple.InterAppAudio = {
								enabled = 0;
							};
							com.apple.Push = {
								enabled = 0;
							};
							com.apple.Sandbox = {
								enabled = 0;
							};
						};
					};
				};
			};
			buildConfigurationList = E348E1DEC5C0744DB0AAD5CB;
			compatibilityVersion = "Xcode 3.2";
			hasScannedForEncodings = 0;
			knownRegions = (
				en,
				Base,
			);
			mainGroup = 739BB41664E28A50CC32EB40;
			projectDirPath = "";
			projectRoot = "";
			targets = (
				7C967074D129DA18B1538EBB,
				2DC9479A82C0495AADE7AEC2,
				3E50DC7EEF97D2BB118F67FC,
				CB69E293932B58DC0FBABEF0,
				B8109CE13FCA7E4DCBA19A7D,
			);
		};
/* End PBXProject section */

/* Begin PBXResourcesBuildPhase section */
		5E4D93A023360E221A3CE96B = {
			isa = PBXResourcesBuildPhase;
			buildActionMask = 2147483647;
			files = (
				10D444A6E1FD0F5458F495CE,
			);
			runOnlyForDeploymentPostprocessing = 0;
		};
		E4D20BB98DC60FD4AA54CE4E = {
			isa = PBXResourcesBuildPhase;
			buildActionMask = 2147483647;
			files = (
				10D444A6E1FD0F5458F495CE,
			);
			runOnlyForDeploymentPostprocessing = 0;
		};
		E6F866A0C8281E3C5079BECD = {
			isa = PBXResourcesBuildPhase;
			buildActionMask = 2147483647;
			files = (
				10D444A6E1FD0F5458F495CE,
			);
			runOnlyForDeploymentPostprocessing = 0;
		};
/* End PBXResourcesBuildPhase section */

/* Begin PBXSourcesBuildPhase section */
		16A01E9F5FB2E9C6D5082475 = {
			isa = PBXSourcesBuildPhase;
			buildActionMask = 2147483647;
			files = (
				3D4C930F618A0BEAFABC2469,
			);
			runOnlyForDeploymentPostprocessing = 0;
		};
		2934EAE582CC243BE9C43B85 = {
			isa = PBXSourcesBuildPhase;
			buildActionMask = 2147483647;
			files = (
				B305273B4701043B741C6CBF,
				A43D6669A0F8195E59ACFF58,
			);
			runOnlyForDeploymentPostprocessing = 0;
		};
		820E691922495E43E4D04CE4 = {
			isa = PBXSourcesBuildPhase;
			buildActionMask = 2147483647;
			files = (
				8FA43AE6DF5E29A50E1BE2CA,
				BEFCA8BD374416FDA434875B,
				705A63F351F7F9981D552A6E,
				C04C62D203FFF498E63C1ED0,
				EF32CAE9DED64567145A4F82,
				D23C401019544BD3C4B3BDED,
				77E5A4E7E79C4026764EE73C,
				A995BA5CE05FFF44FDD8B345,
				4DA7268BD09CEA6FC5184A64,
				CD4277FD0554E25182255027,
				B223D39C799E5D6F88A4169C,
				FB4CB420A4EC31CEA45A7EDB,
				83B760003C9B35434127C4E5,
				51D934EB4C285CD3CF5A5304,
				DE09943786692E1888C99747,
				20BF1EA2E599FDCD1552FE3D,
				D295326F1F8F507BC3974F7A,
				3A1EB1B120F7F51596A16CC6,
				ACF66C8FFAA47547507D7ADC,
				525F3B2F853DACB336C33DF0,
				86FF768FB4630D951DDE6268,
				7A71EC0745265E9E9053311E,
				C5C9C983194F94E3F84B350E,
				36452932690849014DB0CD1A,
				6A1A5962E9518EEA8CE7D427,
				38C2693DADDFBD4142A7A520,
				13A70424729BF0EBBE5E5042,
				B64109C7E29C05D546B3AB44,
				E67716EE8B82A4507015F613,
				4927EE41498324ED284AF407,
				14091D34CFADEBB35AEAF6DF,
			);
			runOnlyForDeploymentPostprocessing = 0;
		};
		866B48834E3FD815E6DE7265 = {
			isa = PBXSourcesBuildPhase;
			buildActionMask = 2147483647;
			files = (
				27804932DB14D0A4A77C30F1,
			);
			runOnlyForDeploymentPostprocessing = 0;
		};
/* End PBXSourcesBuildPhase section */

/* Begin PBXTargetDependency section */
		14EC9A4192942A51E66C03EA = {
			isa = PBXTargetDependency;
			target = B8109CE13FCA7E4DCBA19A7D;
		};
		26AC7C96E372B02F81374A14 = {
			isa = PBXTargetDependency;
			target = 3E50DC7EEF97D2BB118F67FC;
		};
		5E6F37E2D9B45DBBC69EB243 = {
			isa = PBXTargetDependency;
			target = CB69E293932B58DC0FBABEF0;
		};
		8440B963C9D6D0903F5E16EA = {
			isa = PBXTargetDependency;
			target = 2DC9479A82C0495AADE7AEC2;
		};
		91267E84E9D715171788AB07 = {
			isa = PBXTargetDependency;
			target = B8109CE13FCA7E4DCBA19A7D;
		};
		AB17F92CEEE4EB4BA128AE49 = {
			isa = PBXTargetDependency;
			target = B8109CE13FCA7E4DCBA19A7D;
		};
		FD1ECD0CFF17032E1D0D38B1 = {
			isa = PBXTargetDependency;
			target = B8109CE13FCA7E4DCBA19A7D;
		};
/* End PBXTargetDependency section */

/* Begin XCBuildConfiguration section */
		09F8F4526A9E70714F0AEA29 /* Debug */ = {
			isa = XCBuildConfiguration;
			buildSettings = {
				ALWAYS_SEARCH_USER_PATHS = NO;
				CLANG_ENABLE_OBJC_WEAK = YES;
				CLANG_WARN_BLOCK_CAPTURE_AUTORELEASING = YES;
				CLANG_WARN_BOOL_CONVERSION = YES;
				CLANG_WARN_COMMA = YES;
				CLANG_WARN_CONSTANT_CONVERSION = YES;
				CLANG_WARN_DEPRECATED_OBJC_IMPLEMENTATIONS = YES;
				CLANG_WARN_EMPTY_BODY = YES;
				CLANG_WARN_ENUM_CONVERSION = YES;
				CLANG_WARN_INFINITE_RECURSION = YES;
				CLANG_WARN_INT_CONVERSION = YES;
				CLANG_WARN_NON_LITERAL_NULL_CONVERSION = YES;
				CLANG_WARN_OBJC_IMPLICIT_RETAIN_SELF = YES;
				CLANG_WARN_OBJC_LITERAL_CONVERSION = YES;
				CLANG_WARN_RANGE_LOOP_ANALYSIS = YES;
				CLANG_WARN_STRICT_PROTOTYPES = YES;
				CLANG_WARN_SUSPICIOUS_MOVE = YES;
				CLANG_WARN_UNREACHABLE_CODE = YES;
				CLANG_WARN__DUPLICATE_METHOD_MATCH = YES;
				DEBUG_INFORMATION_FORMAT = dwarf;
				ENABLE_STRICT_OBJC_MSGSEND = YES;
				ENABLE_TESTABILITY = NO;
				GCC_C_LANGUAGE_STANDARD = c11;
				GCC_INLINES_ARE_PRIVATE_EXTERN = YES;
				GCC_MODEL_TUNING = G5;
				GCC_NO_COMMON_BLOCKS = YES;
				GCC_SYMBOLS_PRIVATE_EXTERN = YES;
				GCC_WARN_64_TO_32_BIT_CONVERSION = YES;
				GCC_WARN_ABOUT_RETURN_TYPE = YES;
				GCC_WARN_CHECK_SWITCH_STATEMENTS = YES;
				GCC_WARN_MISSING_PARENTHESES = YES;
				GCC_WARN_NON_VIRTUAL_DESTRUCTOR = YES;
				GCC_WARN_TYPECHECK_CALLS_TO_PRINTF = YES;
				GCC_WARN_UNDECLARED_SELECTOR = YES;
				GCC_WARN_UNINITIALIZED_AUTOS = YES;
				GCC_WARN_UNUSED_FUNCTION = YES;
				GCC_WARN_UNUSED_VARIABLE = YES;
				ONLY_ACTIVE_ARCH = YES;
				PRODUCT_NAME = "SimpleEQ";
				SDKROOT = macosx;
				WARNING_CFLAGS = "-Wreorder";
				ZERO_LINK = NO;
			};
			name = Debug;
		};
		43B78A4FFF21305D10C5022D /* Debug */ = {
			isa = XCBuildConfiguration;
			buildSettings = {
				CLANG_CXX_LANGUAGE_STANDARD = "c++17";
				CLANG_CXX_LIBRARY = "libc++";
				CLANG_LINK_OBJC_RUNTIME = NO;
				COMBINE_HIDPI_IMAGES = YES;
				CONFIGURATION_BUILD_DIR = "$(PROJECT_DIR)/build/$(CONFIGURATION)";
				COPY_PHASE_STRIP = NO;
				DEPLOYMENT_LOCATION = YES;
				DSTROOT = /;
				EXCLUDED_ARCHS = "";
				GCC_DYNAMIC_NO_PIC = NO;
				GCC_OPTIMIZATION_LEVEL = 0;
				GCC_PREPROCESSOR_DEFINITIONS = (
					"_DEBUG=1",
					"DEBUG=1",
					"JUCE_DISPLAY_SPLASH_SCREEN=1",
					"JUCE_USE_DARK_SPLASH_SCREEN=1",
					"JUCE_PROJUCER_VERSION=0x70005",
					"JUCE_MODULE_AVAILABLE_juce_audio_basics=1",
					"JUCE_MODULE_AVAILABLE_juce_audio_devices=1",
					"JUCE_MODULE_AVAILABLE_juce_audio_formats=1",
					"JUCE_MODULE_AVAILABLE_juce_audio_plugin_client=1",
					"JUCE_MODULE_AVAILABLE_juce_audio_processors=1",
					"JUCE_MODULE_AVAILABLE_juce_audio_utils=1",
					"JUCE_MODULE_AVAILABLE_juce_core=1",
					"JUCE_MODULE_AVAILABLE_juce_data_structures=1",
					"JUCE_MODULE_AVAILABLE_juce_dsp=1",
					"JUCE_MODULE_AVAILABLE_juce_events=1",
					"JUCE_MODULE_AVAILABLE_juce_graphics=1",
					"JUCE_MODULE_AVAILABLE_juce_gui_basics=1",
					"JUCE_MODULE_AVAILABLE_juce_gui_extra=1",
					"JUCE_GLOBAL_MODULE_SETTINGS_INCLUDED=1",
					"JUCE_VST3_CAN_REPLACE_VST2=0",
					"JUCE_STRICT_REFCOUNTEDPOINTER=1",
					"JucePlugin_Build_VST=0",
					"JucePlugin_Build_VST3=0",
					"JucePlugin_Build_AU=1",
					"JucePlugin_Build_AUv3=0",
					"JucePlugin_Build_AAX=0",
					"JucePlugin_Build_Standalone=0",
					"JucePlugin_Build_Unity=0",
					"JucePlugin_Build_LV2=0",
					"JucePlugin_Enable_IAA=0",
					"JucePlugin_Enable_ARA=0",
					"JucePlugin_Name=\\\"EQ\\\"",
					"JucePlugin_Desc=\\\"A\\ simple\\ equalizer\\\"",
					"JucePlugin_Manufacturer=\\\"TaurusStudios\\\"",
					"JucePlugin_ManufacturerWebsite=\\\"https://jasonfleischer.github.io/website/\\\"",
					"JucePlugin_ManufacturerEmail=\\\"\\\"",
					"JucePlugin_ManufacturerCode=0x41636463",
					"JucePlugin_PluginCode=0x58787879",
					"JucePlugin_IsSynth=0",
					"JucePlugin_WantsMidiInput=0",
					"JucePlugin_ProducesMidiOutput=0",
					"JucePlugin_IsMidiEffect=0",
					"JucePlugin_EditorRequiresKeyboardFocus=0",
					"JucePlugin_Version=1.0.0",
					"JucePlugin_VersionCode=0x10000",
					"JucePlugin_VersionString=\\\"1.0.0\\\"",
					"JucePlugin_VSTUniqueID=JucePlugin_PluginCode",
					"JucePlugin_VSTCategory=kPlugCategEffect",
					"JucePlugin_Vst3Category=\\\"Fx\\\"",
					"JucePlugin_AUMainType=\\'aufx\\'",
					"JucePlugin_AUSubType=JucePlugin_PluginCode",
					"JucePlugin_AUExportPrefix=TaurusStudiosEQ",
					"JucePlugin_AUExportPrefixQuoted=\\\"TaurusStudiosEQ\\\"",
					"JucePlugin_AUManufacturerCode=JucePlugin_ManufacturerCode",
					"JucePlugin_CFBundleIdentifier=com.TaurusStudios.EQ",
					"JucePlugin_AAXIdentifier=com.TaurusStudios.EQ",
					"JucePlugin_AAXManufacturerCode=JucePlugin_ManufacturerCode",
					"JucePlugin_AAXProductId=JucePlugin_PluginCode",
					"JucePlugin_AAXCategory=0",
					"JucePlugin_AAXDisableBypass=0",
					"JucePlugin_AAXDisableMultiMono=0",
					"JucePlugin_IAAType=0x61757278",
					"JucePlugin_IAASubType=JucePlugin_PluginCode",
					"JucePlugin_IAAName=\\\"TaurusStudios:\\ EQ\\\"",
					"JucePlugin_VSTNumMidiInputs=16",
					"JucePlugin_VSTNumMidiOutputs=16",
					"JucePlugin_ARAContentTypes=0",
					"JucePlugin_ARATransformationFlags=0",
					"JucePlugin_ARAFactoryID=\\\"com.TaurusStudios.SimpleEQ.factory\\\"",
					"JucePlugin_ARADocumentArchiveID=\\\"com.TaurusStudios.SimpleEQ.aradocumentarchive.1.0.0\\\"",
					"JucePlugin_ARACompatibleArchiveIDs=\\\"\\\"",
					"JUCE_STANDALONE_APPLICATION=JucePlugin_Build_Standalone",
					"JUCER_XCODE_MAC_F6D2F4CF=1",
					"JUCE_APP_VERSION=1.0.0",
					"JUCE_APP_VERSION_HEX=0x10000",
				);
				GCC_VERSION = com.apple.compilers.llvm.clang.1_0;
				GENERATE_PKGINFO_FILE = YES;
				HEADER_SEARCH_PATHS = (
					"/Users/jason/Files/repo/JUCE/modules/juce_audio_processors/format_types/VST3_SDK",
					"$(SRCROOT)/../../JuceLibraryCode",
					"/Users/jason/Files/repo/JUCE/modules",
					"/Users/jason/Files/repo/JUCE/modules/juce_audio_plugin_client/AU",
					"$(inherited)",
				);
				INFOPLIST_FILE = Info-AU.plist;
				INFOPLIST_PREPROCESS = NO;
				INSTALL_PATH = "$(HOME)/Library/Audio/Plug-Ins/Components/";
				LIBRARY_STYLE = Bundle;
				MACOSX_DEPLOYMENT_TARGET = 10.13;
				MTL_HEADER_SEARCH_PATHS = "/Users/jason/Files/repo/JUCE/modules/juce_audio_processors/format_types/VST3_SDK $(SRCROOT)/../../JuceLibraryCode /Users/jason/Files/repo/JUCE/modules /Users/jason/Files/repo/JUCE/modules/juce_audio_plugin_client/AU";
				OTHER_LDFLAGS = "-bundle -lSimpleEQ -weak_framework Metal -weak_framework MetalKit";
				OTHER_REZFLAGS = "-d ppc_$ppc -d i386_$i386 -d ppc64_$ppc64 -d x86_64_$x86_64 -d arm64_$arm64 -I /System/Library/Frameworks/CoreServices.framework/Frameworks/CarbonCore.framework/Versions/A/Headers -I \"$(DEVELOPER_DIR)/Extras/CoreAudio/AudioUnits/AUPublic/AUBase\" -I \"$(DEVELOPER_DIR)/Platforms/MacOSX.platform/Developer/SDKs/MacOSX.sdk/System/Library/Frameworks/AudioUnit.framework/Headers\"";
				PRODUCT_BUNDLE_IDENTIFIER = com.TaurusStudios.EQ;
				PRODUCT_NAME = "SimpleEQ";
				USE_HEADERMAP = NO;
				VALID_ARCHS = "i386 x86_64 arm64 arm64e";
				WRAPPER_EXTENSION = component;
			};
			name = Debug;
		};
		4B9A238EE83F7539D9743AC6 /* Debug */ = {
			isa = XCBuildConfiguration;
			buildSettings = {
				CLANG_CXX_LANGUAGE_STANDARD = "c++17";
				CLANG_CXX_LIBRARY = "libc++";
				CLANG_LINK_OBJC_RUNTIME = NO;
				COMBINE_HIDPI_IMAGES = YES;
				CONFIGURATION_BUILD_DIR = "$(PROJECT_DIR)/build/$(CONFIGURATION)";
				COPY_PHASE_STRIP = NO;
				DEPLOYMENT_LOCATION = YES;
				DSTROOT = /;
				EXCLUDED_ARCHS = "";
				GCC_DYNAMIC_NO_PIC = NO;
				GCC_OPTIMIZATION_LEVEL = 0;
				GCC_PREPROCESSOR_DEFINITIONS = (
					"_DEBUG=1",
					"DEBUG=1",
					"JUCE_DISPLAY_SPLASH_SCREEN=1",
					"JUCE_USE_DARK_SPLASH_SCREEN=1",
					"JUCE_PROJUCER_VERSION=0x70005",
					"JUCE_MODULE_AVAILABLE_juce_audio_basics=1",
					"JUCE_MODULE_AVAILABLE_juce_audio_devices=1",
					"JUCE_MODULE_AVAILABLE_juce_audio_formats=1",
					"JUCE_MODULE_AVAILABLE_juce_audio_plugin_client=1",
					"JUCE_MODULE_AVAILABLE_juce_audio_processors=1",
					"JUCE_MODULE_AVAILABLE_juce_audio_utils=1",
					"JUCE_MODULE_AVAILABLE_juce_core=1",
					"JUCE_MODULE_AVAILABLE_juce_data_structures=1",
					"JUCE_MODULE_AVAILABLE_juce_dsp=1",
					"JUCE_MODULE_AVAILABLE_juce_events=1",
					"JUCE_MODULE_AVAILABLE_juce_graphics=1",
					"JUCE_MODULE_AVAILABLE_juce_gui_basics=1",
					"JUCE_MODULE_AVAILABLE_juce_gui_extra=1",
					"JUCE_GLOBAL_MODULE_SETTINGS_INCLUDED=1",
					"JUCE_VST3_CAN_REPLACE_VST2=0",
					"JUCE_STRICT_REFCOUNTEDPOINTER=1",
					"JucePlugin_Build_VST=0",
					"JucePlugin_Build_VST3=1",
					"JucePlugin_Build_AU=0",
					"JucePlugin_Build_AUv3=0",
					"JucePlugin_Build_AAX=0",
					"JucePlugin_Build_Standalone=0",
					"JucePlugin_Build_Unity=0",
					"JucePlugin_Build_LV2=0",
					"JucePlugin_Enable_IAA=0",
					"JucePlugin_Enable_ARA=0",
					"JucePlugin_Name=\\\"EQ\\\"",
					"JucePlugin_Desc=\\\"A\\ simple\\ equalizer\\\"",
					"JucePlugin_Manufacturer=\\\"TaurusStudios\\\"",
					"JucePlugin_ManufacturerWebsite=\\\"https://jasonfleischer.github.io/website/\\\"",
					"JucePlugin_ManufacturerEmail=\\\"\\\"",
					"JucePlugin_ManufacturerCode=0x41636463",
					"JucePlugin_PluginCode=0x58787879",
					"JucePlugin_IsSynth=0",
					"JucePlugin_WantsMidiInput=0",
					"JucePlugin_ProducesMidiOutput=0",
					"JucePlugin_IsMidiEffect=0",
					"JucePlugin_EditorRequiresKeyboardFocus=0",
					"JucePlugin_Version=1.0.0",
					"JucePlugin_VersionCode=0x10000",
					"JucePlugin_VersionString=\\\"1.0.0\\\"",
					"JucePlugin_VSTUniqueID=JucePlugin_PluginCode",
					"JucePlugin_VSTCategory=kPlugCategEffect",
					"JucePlugin_Vst3Category=\\\"Fx\\\"",
					"JucePlugin_AUMainType=\\'aufx\\'",
					"JucePlugin_AUSubType=JucePlugin_PluginCode",
					"JucePlugin_AUExportPrefix=TaurusStudiosEQ",
					"JucePlugin_AUExportPrefixQuoted=\\\"TaurusStudiosEQ\\\"",
					"JucePlugin_AUManufacturerCode=JucePlugin_ManufacturerCode",
					"JucePlugin_CFBundleIdentifier=com.TaurusStudios.EQ",
					"JucePlugin_AAXIdentifier=com.TaurusStudios.EQ",
					"JucePlugin_AAXManufacturerCode=JucePlugin_ManufacturerCode",
					"JucePlugin_AAXProductId=JucePlugin_PluginCode",
					"JucePlugin_AAXCategory=0",
					"JucePlugin_AAXDisableBypass=0",
					"JucePlugin_AAXDisableMultiMono=0",
					"JucePlugin_IAAType=0x61757278",
					"JucePlugin_IAASubType=JucePlugin_PluginCode",
					"JucePlugin_IAAName=\\\"TaurusStudios:\\ EQ\\\"",
					"JucePlugin_VSTNumMidiInputs=16",
					"JucePlugin_VSTNumMidiOutputs=16",
					"JucePlugin_ARAContentTypes=0",
					"JucePlugin_ARATransformationFlags=0",
					"JucePlugin_ARAFactoryID=\\\"com.TaurusStudios.SimpleEQ.factory\\\"",
					"JucePlugin_ARADocumentArchiveID=\\\"com.TaurusStudios.SimpleEQ.aradocumentarchive.1.0.0\\\"",
					"JucePlugin_ARACompatibleArchiveIDs=\\\"\\\"",
					"JUCE_STANDALONE_APPLICATION=JucePlugin_Build_Standalone",
					"JUCER_XCODE_MAC_F6D2F4CF=1",
					"JUCE_APP_VERSION=1.0.0",
					"JUCE_APP_VERSION_HEX=0x10000",
				);
				GCC_VERSION = com.apple.compilers.llvm.clang.1_0;
				GENERATE_PKGINFO_FILE = YES;
				HEADER_SEARCH_PATHS = (
					"/Users/jason/Files/repo/JUCE/modules/juce_audio_processors/format_types/VST3_SDK",
					"$(SRCROOT)/../../JuceLibraryCode",
					"/Users/jason/Files/repo/JUCE/modules",
					"/Users/jason/Files/repo/JUCE/modules/juce_audio_plugin_client/AU",
					"$(inherited)",
				);
				INFOPLIST_FILE = Info-VST3.plist;
				INFOPLIST_PREPROCESS = NO;
				INSTALL_PATH = "$(HOME)/Library/Audio/Plug-Ins/VST3/";
				LIBRARY_STYLE = Bundle;
				MACOSX_DEPLOYMENT_TARGET = 10.13;
				MTL_HEADER_SEARCH_PATHS = "/Users/jason/Files/repo/JUCE/modules/juce_audio_processors/format_types/VST3_SDK $(SRCROOT)/../../JuceLibraryCode /Users/jason/Files/repo/JUCE/modules /Users/jason/Files/repo/JUCE/modules/juce_audio_plugin_client/AU";
				OTHER_LDFLAGS = "-bundle -lSimpleEQ -weak_framework Metal -weak_framework MetalKit";
				PRODUCT_BUNDLE_IDENTIFIER = com.TaurusStudios.EQ;
				PRODUCT_NAME = "SimpleEQ";
				USE_HEADERMAP = NO;
				VALID_ARCHS = "i386 x86_64 arm64 arm64e";
				WRAPPER_EXTENSION = vst3;
			};
			name = Debug;
		};
		7607AA9516C413270EF1E758 /* Debug */ = {
			isa = XCBuildConfiguration;
			buildSettings = {
				CLANG_CXX_LANGUAGE_STANDARD = "c++17";
				CLANG_CXX_LIBRARY = "libc++";
				CLANG_LINK_OBJC_RUNTIME = NO;
				COMBINE_HIDPI_IMAGES = YES;
				CONFIGURATION_BUILD_DIR = "$(PROJECT_DIR)/build/$(CONFIGURATION)";
				COPY_PHASE_STRIP = NO;
				EXCLUDED_ARCHS = "";
				GCC_DYNAMIC_NO_PIC = NO;
				GCC_OPTIMIZATION_LEVEL = 0;
				GCC_PREPROCESSOR_DEFINITIONS = (
					"_DEBUG=1",
					"DEBUG=1",
					"JUCE_DISPLAY_SPLASH_SCREEN=1",
					"JUCE_USE_DARK_SPLASH_SCREEN=1",
					"JUCE_PROJUCER_VERSION=0x70005",
					"JUCE_MODULE_AVAILABLE_juce_audio_basics=1",
					"JUCE_MODULE_AVAILABLE_juce_audio_devices=1",
					"JUCE_MODULE_AVAILABLE_juce_audio_formats=1",
					"JUCE_MODULE_AVAILABLE_juce_audio_plugin_client=1",
					"JUCE_MODULE_AVAILABLE_juce_audio_processors=1",
					"JUCE_MODULE_AVAILABLE_juce_audio_utils=1",
					"JUCE_MODULE_AVAILABLE_juce_core=1",
					"JUCE_MODULE_AVAILABLE_juce_data_structures=1",
					"JUCE_MODULE_AVAILABLE_juce_dsp=1",
					"JUCE_MODULE_AVAILABLE_juce_events=1",
					"JUCE_MODULE_AVAILABLE_juce_graphics=1",
					"JUCE_MODULE_AVAILABLE_juce_gui_basics=1",
					"JUCE_MODULE_AVAILABLE_juce_gui_extra=1",
					"JUCE_GLOBAL_MODULE_SETTINGS_INCLUDED=1",
					"JUCE_VST3_CAN_REPLACE_VST2=0",
					"JUCE_STRICT_REFCOUNTEDPOINTER=1",
					"JucePlugin_Build_VST=0",
					"JucePlugin_Build_VST3=1",
					"JucePlugin_Build_AU=1",
					"JucePlugin_Build_AUv3=0",
					"JucePlugin_Build_AAX=0",
					"JucePlugin_Build_Standalone=1",
					"JucePlugin_Build_Unity=0",
					"JucePlugin_Build_LV2=0",
					"JucePlugin_Enable_IAA=0",
					"JucePlugin_Enable_ARA=0",
					"JucePlugin_Name=\\\"EQ\\\"",
					"JucePlugin_Desc=\\\"A\\ simple\\ equalizer\\\"",
					"JucePlugin_Manufacturer=\\\"TaurusStudios\\\"",
					"JucePlugin_ManufacturerWebsite=\\\"https://jasonfleischer.github.io/website/\\\"",
					"JucePlugin_ManufacturerEmail=\\\"\\\"",
					"JucePlugin_ManufacturerCode=0x41636463",
					"JucePlugin_PluginCode=0x58787879",
					"JucePlugin_IsSynth=0",
					"JucePlugin_WantsMidiInput=0",
					"JucePlugin_ProducesMidiOutput=0",
					"JucePlugin_IsMidiEffect=0",
					"JucePlugin_EditorRequiresKeyboardFocus=0",
					"JucePlugin_Version=1.0.0",
					"JucePlugin_VersionCode=0x10000",
					"JucePlugin_VersionString=\\\"1.0.0\\\"",
					"JucePlugin_VSTUniqueID=JucePlugin_PluginCode",
					"JucePlugin_VSTCategory=kPlugCategEffect",
					"JucePlugin_Vst3Category=\\\"Fx\\\"",
					"JucePlugin_AUMainType=\\'aufx\\'",
					"JucePlugin_AUSubType=JucePlugin_PluginCode",
					"JucePlugin_AUExportPrefix=TaurusStudiosEQ",
					"JucePlugin_AUExportPrefixQuoted=\\\"TaurusStudiosEQ\\\"",
					"JucePlugin_AUManufacturerCode=JucePlugin_ManufacturerCode",
					"JucePlugin_CFBundleIdentifier=com.TaurusStudios.EQ",
					"JucePlugin_AAXIdentifier=com.TaurusStudios.EQ",
					"JucePlugin_AAXManufacturerCode=JucePlugin_ManufacturerCode",
					"JucePlugin_AAXProductId=JucePlugin_PluginCode",
					"JucePlugin_AAXCategory=0",
					"JucePlugin_AAXDisableBypass=0",
					"JucePlugin_AAXDisableMultiMono=0",
					"JucePlugin_IAAType=0x61757278",
					"JucePlugin_IAASubType=JucePlugin_PluginCode",
					"JucePlugin_IAAName=\\\"TaurusStudios:\\ EQ\\\"",
					"JucePlugin_VSTNumMidiInputs=16",
					"JucePlugin_VSTNumMidiOutputs=16",
					"JucePlugin_ARAContentTypes=0",
					"JucePlugin_ARATransformationFlags=0",
					"JucePlugin_ARAFactoryID=\\\"com.TaurusStudios.SimpleEQ.factory\\\"",
					"JucePlugin_ARADocumentArchiveID=\\\"com.TaurusStudios.SimpleEQ.aradocumentarchive.1.0.0\\\"",
					"JucePlugin_ARACompatibleArchiveIDs=\\\"\\\"",
					"JUCE_STANDALONE_APPLICATION=JucePlugin_Build_Standalone",
					"JUCER_XCODE_MAC_F6D2F4CF=1",
					"JUCE_APP_VERSION=1.0.0",
					"JUCE_APP_VERSION_HEX=0x10000",
					"JUCE_SHARED_CODE=1",
				);
				GCC_VERSION = com.apple.compilers.llvm.clang.1_0;
				HEADER_SEARCH_PATHS = (
					"/Users/jason/Files/repo/JUCE/modules/juce_audio_processors/format_types/VST3_SDK",
					"$(SRCROOT)/../../JuceLibraryCode",
					"/Users/jason/Files/repo/JUCE/modules",
					"/Users/jason/Files/repo/JUCE/modules/juce_audio_plugin_client/AU",
					"$(inherited)",
				);
				INSTALL_PATH = "@executable_path/../Frameworks";
				MACOSX_DEPLOYMENT_TARGET = 10.13;
				MTL_HEADER_SEARCH_PATHS = "/Users/jason/Files/repo/JUCE/modules/juce_audio_processors/format_types/VST3_SDK $(SRCROOT)/../../JuceLibraryCode /Users/jason/Files/repo/JUCE/modules /Users/jason/Files/repo/JUCE/modules/juce_audio_plugin_client/AU";
				OTHER_LDFLAGS = "-weak_framework Metal -weak_framework MetalKit";
				PRODUCT_BUNDLE_IDENTIFIER = com.TaurusStudios.EQ;
				PRODUCT_NAME = "SimpleEQ";
				SKIP_INSTALL = YES;
				USE_HEADERMAP = NO;
				VALID_ARCHS = "i386 x86_64 arm64 arm64e";
			};
			name = Debug;
		};
		9372AEE9610A9B9072F37FDF /* Release */ = {
			isa = XCBuildConfiguration;
			buildSettings = {
				CLANG_CXX_LANGUAGE_STANDARD = "c++17";
				CLANG_CXX_LIBRARY = "libc++";
				CLANG_LINK_OBJC_RUNTIME = NO;
				COMBINE_HIDPI_IMAGES = YES;
				CONFIGURATION_BUILD_DIR = "$(PROJECT_DIR)/build/$(CONFIGURATION)";
				DEAD_CODE_STRIPPING = YES;
				EXCLUDED_ARCHS = "";
				GCC_GENERATE_DEBUGGING_SYMBOLS = NO;
				GCC_OPTIMIZATION_LEVEL = 3;
				GCC_PREPROCESSOR_DEFINITIONS = (
					"_NDEBUG=1",
					"NDEBUG=1",
					"JUCE_DISPLAY_SPLASH_SCREEN=1",
					"JUCE_USE_DARK_SPLASH_SCREEN=1",
					"JUCE_PROJUCER_VERSION=0x70005",
					"JUCE_MODULE_AVAILABLE_juce_audio_basics=1",
					"JUCE_MODULE_AVAILABLE_juce_audio_devices=1",
					"JUCE_MODULE_AVAILABLE_juce_audio_formats=1",
					"JUCE_MODULE_AVAILABLE_juce_audio_plugin_client=1",
					"JUCE_MODULE_AVAILABLE_juce_audio_processors=1",
					"JUCE_MODULE_AVAILABLE_juce_audio_utils=1",
					"JUCE_MODULE_AVAILABLE_juce_core=1",
					"JUCE_MODULE_AVAILABLE_juce_data_structures=1",
					"JUCE_MODULE_AVAILABLE_juce_dsp=1",
					"JUCE_MODULE_AVAILABLE_juce_events=1",
					"JUCE_MODULE_AVAILABLE_juce_graphics=1",
					"JUCE_MODULE_AVAILABLE_juce_gui_basics=1",
					"JUCE_MODULE_AVAILABLE_juce_gui_extra=1",
					"JUCE_GLOBAL_MODULE_SETTINGS_INCLUDED=1",
					"JUCE_VST3_CAN_REPLACE_VST2=0",
					"JUCE_STRICT_REFCOUNTEDPOINTER=1",
					"JucePlugin_Build_VST=0",
					"JucePlugin_Build_VST3=0",
					"JucePlugin_Build_AU=0",
					"JucePlugin_Build_AUv3=0",
					"JucePlugin_Build_AAX=0",
					"JucePlugin_Build_Standalone=1",
					"JucePlugin_Build_Unity=0",
					"JucePlugin_Build_LV2=0",
					"JucePlugin_Enable_IAA=0",
					"JucePlugin_Enable_ARA=0",
					"JucePlugin_Name=\\\"EQ\\\"",
					"JucePlugin_Desc=\\\"A\\ simple\\ equalizer\\\"",
					"JucePlugin_Manufacturer=\\\"TaurusStudios\\\"",
					"JucePlugin_ManufacturerWebsite=\\\"https://jasonfleischer.github.io/website/\\\"",
					"JucePlugin_ManufacturerEmail=\\\"\\\"",
					"JucePlugin_ManufacturerCode=0x41636463",
					"JucePlugin_PluginCode=0x58787879",
					"JucePlugin_IsSynth=0",
					"JucePlugin_WantsMidiInput=0",
					"JucePlugin_ProducesMidiOutput=0",
					"JucePlugin_IsMidiEffect=0",
					"JucePlugin_EditorRequiresKeyboardFocus=0",
					"JucePlugin_Version=1.0.0",
					"JucePlugin_VersionCode=0x10000",
					"JucePlugin_VersionString=\\\"1.0.0\\\"",
					"JucePlugin_VSTUniqueID=JucePlugin_PluginCode",
					"JucePlugin_VSTCategory=kPlugCategEffect",
					"JucePlugin_Vst3Category=\\\"Fx\\\"",
					"JucePlugin_AUMainType=\\'aufx\\'",
					"JucePlugin_AUSubType=JucePlugin_PluginCode",
					"JucePlugin_AUExportPrefix=TaurusStudiosEQ",
					"JucePlugin_AUExportPrefixQuoted=\\\"TaurusStudiosEQ\\\"",
					"JucePlugin_AUManufacturerCode=JucePlugin_ManufacturerCode",
					"JucePlugin_CFBundleIdentifier=com.TaurusStudios.EQ",
					"JucePlugin_AAXIdentifier=com.TaurusStudios.EQ",
					"JucePlugin_AAXManufacturerCode=JucePlugin_ManufacturerCode",
					"JucePlugin_AAXProductId=JucePlugin_PluginCode",
					"JucePlugin_AAXCategory=0",
					"JucePlugin_AAXDisableBypass=0",
					"JucePlugin_AAXDisableMultiMono=0",
					"JucePlugin_IAAType=0x61757278",
					"JucePlugin_IAASubType=JucePlugin_PluginCode",
					"JucePlugin_IAAName=\\\"TaurusStudios:\\ EQ\\\"",
					"JucePlugin_VSTNumMidiInputs=16",
					"JucePlugin_VSTNumMidiOutputs=16",
					"JucePlugin_ARAContentTypes=0",
					"JucePlugin_ARATransformationFlags=0",
					"JucePlugin_ARAFactoryID=\\\"com.TaurusStudios.SimpleEQ.factory\\\"",
					"JucePlugin_ARADocumentArchiveID=\\\"com.TaurusStudios.SimpleEQ.aradocumentarchive.1.0.0\\\"",
					"JucePlugin_ARACompatibleArchiveIDs=\\\"\\\"",
					"JUCE_STANDALONE_APPLICATION=JucePlugin_Build_Standalone",
					"JUCER_XCODE_MAC_F6D2F4CF=1",
					"JUCE_APP_VERSION=1.0.0",
					"JUCE_APP_VERSION_HEX=0x10000",
				);
				GCC_VERSION = com.apple.compilers.llvm.clang.1_0;
				HEADER_SEARCH_PATHS = (
					"/Users/jason/Files/repo/JUCE/modules/juce_audio_processors/format_types/VST3_SDK",
					"$(SRCROOT)/../../JuceLibraryCode",
					"/Users/jason/Files/repo/JUCE/modules",
					"/Users/jason/Files/repo/JUCE/modules/juce_audio_plugin_client/AU",
					"$(inherited)",
				);
				INFOPLIST_FILE = Info-Standalone_Plugin.plist;
				INFOPLIST_PREPROCESS = NO;
				LLVM_LTO = YES;
				MACOSX_DEPLOYMENT_TARGET = 10.13;
				MTL_HEADER_SEARCH_PATHS = "/Users/jason/Files/repo/JUCE/modules/juce_audio_processors/format_types/VST3_SDK $(SRCROOT)/../../JuceLibraryCode /Users/jason/Files/repo/JUCE/modules /Users/jason/Files/repo/JUCE/modules/juce_audio_plugin_client/AU";
				OTHER_LDFLAGS = "-lSimpleEQ -weak_framework Metal -weak_framework MetalKit";
				PRODUCT_BUNDLE_IDENTIFIER = com.TaurusStudios.EQ;
				PRODUCT_NAME = "SimpleEQ";
				USE_HEADERMAP = NO;
				VALID_ARCHS = "i386 x86_64 arm64 arm64e";
			};
			name = Release;
		};
		94AF0281DE678C27C6B824EB /* Release */ = {
			isa = XCBuildConfiguration;
			buildSettings = {
				CLANG_CXX_LANGUAGE_STANDARD = "c++17";
				CLANG_CXX_LIBRARY = "libc++";
				CLANG_LINK_OBJC_RUNTIME = NO;
				COMBINE_HIDPI_IMAGES = YES;
				CONFIGURATION_BUILD_DIR = "$(PROJECT_DIR)/build/$(CONFIGURATION)";
				DEAD_CODE_STRIPPING = YES;
				EXCLUDED_ARCHS = "";
				GCC_GENERATE_DEBUGGING_SYMBOLS = NO;
				GCC_OPTIMIZATION_LEVEL = 3;
				GCC_PREPROCESSOR_DEFINITIONS = (
					"_NDEBUG=1",
					"NDEBUG=1",
					"JUCE_DISPLAY_SPLASH_SCREEN=1",
					"JUCE_USE_DARK_SPLASH_SCREEN=1",
					"JUCE_PROJUCER_VERSION=0x70005",
					"JUCE_MODULE_AVAILABLE_juce_audio_basics=1",
					"JUCE_MODULE_AVAILABLE_juce_audio_devices=1",
					"JUCE_MODULE_AVAILABLE_juce_audio_formats=1",
					"JUCE_MODULE_AVAILABLE_juce_audio_plugin_client=1",
					"JUCE_MODULE_AVAILABLE_juce_audio_processors=1",
					"JUCE_MODULE_AVAILABLE_juce_audio_utils=1",
					"JUCE_MODULE_AVAILABLE_juce_core=1",
					"JUCE_MODULE_AVAILABLE_juce_data_structures=1",
					"JUCE_MODULE_AVAILABLE_juce_dsp=1",
					"JUCE_MODULE_AVAILABLE_juce_events=1",
					"JUCE_MODULE_AVAILABLE_juce_graphics=1",
					"JUCE_MODULE_AVAILABLE_juce_gui_basics=1",
					"JUCE_MODULE_AVAILABLE_juce_gui_extra=1",
					"JUCE_GLOBAL_MODULE_SETTINGS_INCLUDED=1",
					"JUCE_VST3_CAN_REPLACE_VST2=0",
					"JUCE_STRICT_REFCOUNTEDPOINTER=1",
					"JucePlugin_Build_VST=0",
					"JucePlugin_Build_VST3=1",
					"JucePlugin_Build_AU=1",
					"JucePlugin_Build_AUv3=0",
					"JucePlugin_Build_AAX=0",
					"JucePlugin_Build_Standalone=1",
					"JucePlugin_Build_Unity=0",
					"JucePlugin_Build_LV2=0",
					"JucePlugin_Enable_IAA=0",
					"JucePlugin_Enable_ARA=0",
					"JucePlugin_Name=\\\"EQ\\\"",
					"JucePlugin_Desc=\\\"A\\ simple\\ equalizer\\\"",
					"JucePlugin_Manufacturer=\\\"TaurusStudios\\\"",
					"JucePlugin_ManufacturerWebsite=\\\"https://jasonfleischer.github.io/website/\\\"",
					"JucePlugin_ManufacturerEmail=\\\"\\\"",
					"JucePlugin_ManufacturerCode=0x41636463",
					"JucePlugin_PluginCode=0x58787879",
					"JucePlugin_IsSynth=0",
					"JucePlugin_WantsMidiInput=0",
					"JucePlugin_ProducesMidiOutput=0",
					"JucePlugin_IsMidiEffect=0",
					"JucePlugin_EditorRequiresKeyboardFocus=0",
					"JucePlugin_Version=1.0.0",
					"JucePlugin_VersionCode=0x10000",
					"JucePlugin_VersionString=\\\"1.0.0\\\"",
					"JucePlugin_VSTUniqueID=JucePlugin_PluginCode",
					"JucePlugin_VSTCategory=kPlugCategEffect",
					"JucePlugin_Vst3Category=\\\"Fx\\\"",
					"JucePlugin_AUMainType=\\'aufx\\'",
					"JucePlugin_AUSubType=JucePlugin_PluginCode",
					"JucePlugin_AUExportPrefix=TaurusStudiosEQ",
					"JucePlugin_AUExportPrefixQuoted=\\\"TaurusStudiosEQ\\\"",
					"JucePlugin_AUManufacturerCode=JucePlugin_ManufacturerCode",
					"JucePlugin_CFBundleIdentifier=com.TaurusStudios.EQ",
					"JucePlugin_AAXIdentifier=com.TaurusStudios.EQ",
					"JucePlugin_AAXManufacturerCode=JucePlugin_ManufacturerCode",
					"JucePlugin_AAXProductId=JucePlugin_PluginCode",
					"JucePlugin_AAXCategory=0",
					"JucePlugin_AAXDisableBypass=0",
					"JucePlugin_AAXDisableMultiMono=0",
					"JucePlugin_IAAType=0x61757278",
					"JucePlugin_IAASubType=JucePlugin_PluginCode",
					"JucePlugin_IAAName=\\\"TaurusStudios:\\ EQ\\\"",
					"JucePlugin_VSTNumMidiInputs=16",
					"JucePlugin_VSTNumMidiOutputs=16",
					"JucePlugin_ARAContentTypes=0",
					"JucePlugin_ARATransformationFlags=0",
					"JucePlugin_ARAFactoryID=\\\"com.TaurusStudios.SimpleEQ.factory\\\"",
					"JucePlugin_ARADocumentArchiveID=\\\"com.TaurusStudios.SimpleEQ.aradocumentarchive.1.0.0\\\"",
					"JucePlugin_ARACompatibleArchiveIDs=\\\"\\\"",
					"JUCE_STANDALONE_APPLICATION=JucePlugin_Build_Standalone",
					"JUCER_XCODE_MAC_F6D2F4CF=1",
					"JUCE_APP_VERSION=1.0.0",
					"JUCE_APP_VERSION_HEX=0x10000",
					"JUCE_SHARED_CODE=1",
				);
				GCC_VERSION = com.apple.compilers.llvm.clang.1_0;
				HEADER_SEARCH_PATHS = (
					"/Users/jason/Files/repo/JUCE/modules/juce_audio_processors/format_types/VST3_SDK",
					"$(SRCROOT)/../../JuceLibraryCode",
					"/Users/jason/Files/repo/JUCE/modules",
					"/Users/jason/Files/repo/JUCE/modules/juce_audio_plugin_client/AU",
					"$(inherited)",
				);
				INSTALL_PATH = "@executable_path/../Frameworks";
				LLVM_LTO = YES;
				MACOSX_DEPLOYMENT_TARGET = 10.13;
				MTL_HEADER_SEARCH_PATHS = "/Users/jason/Files/repo/JUCE/modules/juce_audio_processors/format_types/VST3_SDK $(SRCROOT)/../../JuceLibraryCode /Users/jason/Files/repo/JUCE/modules /Users/jason/Files/repo/JUCE/modules/juce_audio_plugin_client/AU";
				OTHER_LDFLAGS = "-weak_framework Metal -weak_framework MetalKit";
				PRODUCT_BUNDLE_IDENTIFIER = com.TaurusStudios.EQ;
				PRODUCT_NAME = "SimpleEQ";
				SKIP_INSTALL = YES;
				USE_HEADERMAP = NO;
				VALID_ARCHS = "i386 x86_64 arm64 arm64e";
			};
			name = Release;
		};
		9825A57C74B250F1620C852D /* Release */ = {
			isa = XCBuildConfiguration;
			buildSettings = {
				ALWAYS_SEARCH_USER_PATHS = NO;
				CLANG_ENABLE_OBJC_WEAK = YES;
				CLANG_WARN_BLOCK_CAPTURE_AUTORELEASING = YES;
				CLANG_WARN_BOOL_CONVERSION = YES;
				CLANG_WARN_COMMA = YES;
				CLANG_WARN_CONSTANT_CONVERSION = YES;
				CLANG_WARN_DEPRECATED_OBJC_IMPLEMENTATIONS = YES;
				CLANG_WARN_EMPTY_BODY = YES;
				CLANG_WARN_ENUM_CONVERSION = YES;
				CLANG_WARN_INFINITE_RECURSION = YES;
				CLANG_WARN_INT_CONVERSION = YES;
				CLANG_WARN_NON_LITERAL_NULL_CONVERSION = YES;
				CLANG_WARN_OBJC_IMPLICIT_RETAIN_SELF = YES;
				CLANG_WARN_OBJC_LITERAL_CONVERSION = YES;
				CLANG_WARN_RANGE_LOOP_ANALYSIS = YES;
				CLANG_WARN_STRICT_PROTOTYPES = YES;
				CLANG_WARN_SUSPICIOUS_MOVE = YES;
				CLANG_WARN_UNREACHABLE_CODE = YES;
				CLANG_WARN__DUPLICATE_METHOD_MATCH = YES;
				DEBUG_INFORMATION_FORMAT = dwarf;
				ENABLE_STRICT_OBJC_MSGSEND = YES;
				ENABLE_TESTABILITY = NO;
				GCC_C_LANGUAGE_STANDARD = c11;
				GCC_INLINES_ARE_PRIVATE_EXTERN = YES;
				GCC_MODEL_TUNING = G5;
				GCC_NO_COMMON_BLOCKS = YES;
				GCC_SYMBOLS_PRIVATE_EXTERN = YES;
				GCC_WARN_64_TO_32_BIT_CONVERSION = YES;
				GCC_WARN_ABOUT_RETURN_TYPE = YES;
				GCC_WARN_CHECK_SWITCH_STATEMENTS = YES;
				GCC_WARN_MISSING_PARENTHESES = YES;
				GCC_WARN_NON_VIRTUAL_DESTRUCTOR = YES;
				GCC_WARN_TYPECHECK_CALLS_TO_PRINTF = YES;
				GCC_WARN_UNDECLARED_SELECTOR = YES;
				GCC_WARN_UNINITIALIZED_AUTOS = YES;
				GCC_WARN_UNUSED_FUNCTION = YES;
				GCC_WARN_UNUSED_VARIABLE = YES;
				PRODUCT_NAME = "SimpleEQ";
				SDKROOT = macosx;
				WARNING_CFLAGS = "-Wreorder";
				ZERO_LINK = NO;
			};
			name = Release;
		};
		B0676317CE64C15CEEE560DD /* Debug */ = {
			isa = XCBuildConfiguration;
			buildSettings = {
				CLANG_CXX_LANGUAGE_STANDARD = "c++17";
				CLANG_CXX_LIBRARY = "libc++";
				CLANG_LINK_OBJC_RUNTIME = NO;
				COMBINE_HIDPI_IMAGES = YES;
				CONFIGURATION_BUILD_DIR = "$(PROJECT_DIR)/build/$(CONFIGURATION)";
				COPY_PHASE_STRIP = NO;
				EXCLUDED_ARCHS = "";
				GCC_DYNAMIC_NO_PIC = NO;
				GCC_OPTIMIZATION_LEVEL = 0;
				GCC_PREPROCESSOR_DEFINITIONS = (
					"_DEBUG=1",
					"DEBUG=1",
					"JUCE_DISPLAY_SPLASH_SCREEN=1",
					"JUCE_USE_DARK_SPLASH_SCREEN=1",
					"JUCE_PROJUCER_VERSION=0x70005",
					"JUCE_MODULE_AVAILABLE_juce_audio_basics=1",
					"JUCE_MODULE_AVAILABLE_juce_audio_devices=1",
					"JUCE_MODULE_AVAILABLE_juce_audio_formats=1",
					"JUCE_MODULE_AVAILABLE_juce_audio_plugin_client=1",
					"JUCE_MODULE_AVAILABLE_juce_audio_processors=1",
					"JUCE_MODULE_AVAILABLE_juce_audio_utils=1",
					"JUCE_MODULE_AVAILABLE_juce_core=1",
					"JUCE_MODULE_AVAILABLE_juce_data_structures=1",
					"JUCE_MODULE_AVAILABLE_juce_dsp=1",
					"JUCE_MODULE_AVAILABLE_juce_events=1",
					"JUCE_MODULE_AVAILABLE_juce_graphics=1",
					"JUCE_MODULE_AVAILABLE_juce_gui_basics=1",
					"JUCE_MODULE_AVAILABLE_juce_gui_extra=1",
					"JUCE_GLOBAL_MODULE_SETTINGS_INCLUDED=1",
					"JUCE_VST3_CAN_REPLACE_VST2=0",
					"JUCE_STRICT_REFCOUNTEDPOINTER=1",
					"JucePlugin_Build_VST=0",
					"JucePlugin_Build_VST3=0",
					"JucePlugin_Build_AU=0",
					"JucePlugin_Build_AUv3=0",
					"JucePlugin_Build_AAX=0",
					"JucePlugin_Build_Standalone=1",
					"JucePlugin_Build_Unity=0",
					"JucePlugin_Build_LV2=0",
					"JucePlugin_Enable_IAA=0",
					"JucePlugin_Enable_ARA=0",
					"JucePlugin_Name=\\\"EQ\\\"",
					"JucePlugin_Desc=\\\"A\\ simple\\ equalizer\\\"",
					"JucePlugin_Manufacturer=\\\"TaurusStudios\\\"",
					"JucePlugin_ManufacturerWebsite=\\\"https://jasonfleischer.github.io/website/\\\"",
					"JucePlugin_ManufacturerEmail=\\\"\\\"",
					"JucePlugin_ManufacturerCode=0x41636463",
					"JucePlugin_PluginCode=0x58787879",
					"JucePlugin_IsSynth=0",
					"JucePlugin_WantsMidiInput=0",
					"JucePlugin_ProducesMidiOutput=0",
					"JucePlugin_IsMidiEffect=0",
					"JucePlugin_EditorRequiresKeyboardFocus=0",
					"JucePlugin_Version=1.0.0",
					"JucePlugin_VersionCode=0x10000",
					"JucePlugin_VersionString=\\\"1.0.0\\\"",
					"JucePlugin_VSTUniqueID=JucePlugin_PluginCode",
					"JucePlugin_VSTCategory=kPlugCategEffect",
					"JucePlugin_Vst3Category=\\\"Fx\\\"",
					"JucePlugin_AUMainType=\\'aufx\\'",
					"JucePlugin_AUSubType=JucePlugin_PluginCode",
					"JucePlugin_AUExportPrefix=TaurusStudiosEQ",
					"JucePlugin_AUExportPrefixQuoted=\\\"TaurusStudiosEQ\\\"",
					"JucePlugin_AUManufacturerCode=JucePlugin_ManufacturerCode",
					"JucePlugin_CFBundleIdentifier=com.TaurusStudios.EQ",
					"JucePlugin_AAXIdentifier=com.TaurusStudios.EQ",
					"JucePlugin_AAXManufacturerCode=JucePlugin_ManufacturerCode",
					"JucePlugin_AAXProductId=JucePlugin_PluginCode",
					"JucePlugin_AAXCategory=0",
					"JucePlugin_AAXDisableBypass=0",
					"JucePlugin_AAXDisableMultiMono=0",
					"JucePlugin_IAAType=0x61757278",
					"JucePlugin_IAASubType=JucePlugin_PluginCode",
					"JucePlugin_IAAName=\\\"TaurusStudios:\\ EQ\\\"",
					"JucePlugin_VSTNumMidiInputs=16",
					"JucePlugin_VSTNumMidiOutputs=16",
					"JucePlugin_ARAContentTypes=0",
					"JucePlugin_ARATransformationFlags=0",
					"JucePlugin_ARAFactoryID=\\\"com.TaurusStudios.SimpleEQ.factory\\\"",
					"JucePlugin_ARADocumentArchiveID=\\\"com.TaurusStudios.SimpleEQ.aradocumentarchive.1.0.0\\\"",
					"JucePlugin_ARACompatibleArchiveIDs=\\\"\\\"",
					"JUCE_STANDALONE_APPLICATION=JucePlugin_Build_Standalone",
					"JUCER_XCODE_MAC_F6D2F4CF=1",
					"JUCE_APP_VERSION=1.0.0",
					"JUCE_APP_VERSION_HEX=0x10000",
				);
				GCC_VERSION = com.apple.compilers.llvm.clang.1_0;
				HEADER_SEARCH_PATHS = (
					"/Users/jason/Files/repo/JUCE/modules/juce_audio_processors/format_types/VST3_SDK",
					"$(SRCROOT)/../../JuceLibraryCode",
					"/Users/jason/Files/repo/JUCE/modules",
					"/Users/jason/Files/repo/JUCE/modules/juce_audio_plugin_client/AU",
					"$(inherited)",
				);
				INFOPLIST_FILE = Info-Standalone_Plugin.plist;
				INFOPLIST_PREPROCESS = NO;
				MACOSX_DEPLOYMENT_TARGET = 10.13;
				MTL_HEADER_SEARCH_PATHS = "/Users/jason/Files/repo/JUCE/modules/juce_audio_processors/format_types/VST3_SDK $(SRCROOT)/../../JuceLibraryCode /Users/jason/Files/repo/JUCE/modules /Users/jason/Files/repo/JUCE/modules/juce_audio_plugin_client/AU";
				OTHER_LDFLAGS = "-lSimpleEQ -weak_framework Metal -weak_framework MetalKit";
				PRODUCT_BUNDLE_IDENTIFIER = com.TaurusStudios.EQ;
				PRODUCT_NAME = "SimpleEQ";
				USE_HEADERMAP = NO;
				VALID_ARCHS = "i386 x86_64 arm64 arm64e";
			};
			name = Debug;
		};
		C41D72C8EDB3D418E423C0C7 /* Release */ = {
			isa = XCBuildConfiguration;
			buildSettings = {
				MACOSX_DEPLOYMENT_TARGET = 10.13;
				SDKROOT = macosx;
			};
			name = Release;
		};
		C74EBD043F23648EC1DD707A /* Debug */ = {
			isa = XCBuildConfiguration;
			buildSettings = {
				MACOSX_DEPLOYMENT_TARGET = 10.13;
				SDKROOT = macosx;
			};
			name = Debug;
		};
		CE1CBEAC4A3A0BB51CEFCDBA /* Release */ = {
			isa = XCBuildConfiguration;
			buildSettings = {
				CLANG_CXX_LANGUAGE_STANDARD = "c++17";
				CLANG_CXX_LIBRARY = "libc++";
				CLANG_LINK_OBJC_RUNTIME = NO;
				COMBINE_HIDPI_IMAGES = YES;
				CONFIGURATION_BUILD_DIR = "$(PROJECT_DIR)/build/$(CONFIGURATION)";
				DEAD_CODE_STRIPPING = YES;
				DEPLOYMENT_LOCATION = YES;
				DSTROOT = /;
				EXCLUDED_ARCHS = "";
				GCC_GENERATE_DEBUGGING_SYMBOLS = NO;
				GCC_OPTIMIZATION_LEVEL = 3;
				GCC_PREPROCESSOR_DEFINITIONS = (
					"_NDEBUG=1",
					"NDEBUG=1",
					"JUCE_DISPLAY_SPLASH_SCREEN=1",
					"JUCE_USE_DARK_SPLASH_SCREEN=1",
					"JUCE_PROJUCER_VERSION=0x70005",
					"JUCE_MODULE_AVAILABLE_juce_audio_basics=1",
					"JUCE_MODULE_AVAILABLE_juce_audio_devices=1",
					"JUCE_MODULE_AVAILABLE_juce_audio_formats=1",
					"JUCE_MODULE_AVAILABLE_juce_audio_plugin_client=1",
					"JUCE_MODULE_AVAILABLE_juce_audio_processors=1",
					"JUCE_MODULE_AVAILABLE_juce_audio_utils=1",
					"JUCE_MODULE_AVAILABLE_juce_core=1",
					"JUCE_MODULE_AVAILABLE_juce_data_structures=1",
					"JUCE_MODULE_AVAILABLE_juce_dsp=1",
					"JUCE_MODULE_AVAILABLE_juce_events=1",
					"JUCE_MODULE_AVAILABLE_juce_graphics=1",
					"JUCE_MODULE_AVAILABLE_juce_gui_basics=1",
					"JUCE_MODULE_AVAILABLE_juce_gui_extra=1",
					"JUCE_GLOBAL_MODULE_SETTINGS_INCLUDED=1",
					"JUCE_VST3_CAN_REPLACE_VST2=0",
					"JUCE_STRICT_REFCOUNTEDPOINTER=1",
					"JucePlugin_Build_VST=0",
					"JucePlugin_Build_VST3=0",
					"JucePlugin_Build_AU=1",
					"JucePlugin_Build_AUv3=0",
					"JucePlugin_Build_AAX=0",
					"JucePlugin_Build_Standalone=0",
					"JucePlugin_Build_Unity=0",
					"JucePlugin_Build_LV2=0",
					"JucePlugin_Enable_IAA=0",
					"JucePlugin_Enable_ARA=0",
					"JucePlugin_Name=\\\"EQ\\\"",
					"JucePlugin_Desc=\\\"A\\ simple\\ equalizer\\\"",
					"JucePlugin_Manufacturer=\\\"TaurusStudios\\\"",
					"JucePlugin_ManufacturerWebsite=\\\"https://jasonfleischer.github.io/website/\\\"",
					"JucePlugin_ManufacturerEmail=\\\"\\\"",
					"JucePlugin_ManufacturerCode=0x41636463",
					"JucePlugin_PluginCode=0x58787879",
					"JucePlugin_IsSynth=0",
					"JucePlugin_WantsMidiInput=0",
					"JucePlugin_ProducesMidiOutput=0",
					"JucePlugin_IsMidiEffect=0",
					"JucePlugin_EditorRequiresKeyboardFocus=0",
					"JucePlugin_Version=1.0.0",
					"JucePlugin_VersionCode=0x10000",
					"JucePlugin_VersionString=\\\"1.0.0\\\"",
					"JucePlugin_VSTUniqueID=JucePlugin_PluginCode",
					"JucePlugin_VSTCategory=kPlugCategEffect",
					"JucePlugin_Vst3Category=\\\"Fx\\\"",
					"JucePlugin_AUMainType=\\'aufx\\'",
					"JucePlugin_AUSubType=JucePlugin_PluginCode",
					"JucePlugin_AUExportPrefix=TaurusStudiosEQ",
					"JucePlugin_AUExportPrefixQuoted=\\\"TaurusStudiosEQ\\\"",
					"JucePlugin_AUManufacturerCode=JucePlugin_ManufacturerCode",
					"JucePlugin_CFBundleIdentifier=com.TaurusStudios.EQ",
					"JucePlugin_AAXIdentifier=com.TaurusStudios.EQ",
					"JucePlugin_AAXManufacturerCode=JucePlugin_ManufacturerCode",
					"JucePlugin_AAXProductId=JucePlugin_PluginCode",
					"JucePlugin_AAXCategory=0",
					"JucePlugin_AAXDisableBypass=0",
					"JucePlugin_AAXDisableMultiMono=0",
					"JucePlugin_IAAType=0x61757278",
					"JucePlugin_IAASubType=JucePlugin_PluginCode",
					"JucePlugin_IAAName=\\\"TaurusStudios:\\ EQ\\\"",
					"JucePlugin_VSTNumMidiInputs=16",
					"JucePlugin_VSTNumMidiOutputs=16",
					"JucePlugin_ARAContentTypes=0",
					"JucePlugin_ARATransformationFlags=0",
					"JucePlugin_ARAFactoryID=\\\"com.TaurusStudios.SimpleEQ.factory\\\"",
					"JucePlugin_ARADocumentArchiveID=\\\"com.TaurusStudios.SimpleEQ.aradocumentarchive.1.0.0\\\"",
					"JucePlugin_ARACompatibleArchiveIDs=\\\"\\\"",
					"JUCE_STANDALONE_APPLICATION=JucePlugin_Build_Standalone",
					"JUCER_XCODE_MAC_F6D2F4CF=1",
					"JUCE_APP_VERSION=1.0.0",
					"JUCE_APP_VERSION_HEX=0x10000",
				);
				GCC_VERSION = com.apple.compilers.llvm.clang.1_0;
				GENERATE_PKGINFO_FILE = YES;
				HEADER_SEARCH_PATHS = (
					"/Users/jason/Files/repo/JUCE/modules/juce_audio_processors/format_types/VST3_SDK",
					"$(SRCROOT)/../../JuceLibraryCode",
					"/Users/jason/Files/repo/JUCE/modules",
					"/Users/jason/Files/repo/JUCE/modules/juce_audio_plugin_client/AU",
					"$(inherited)",
				);
				INFOPLIST_FILE = Info-AU.plist;
				INFOPLIST_PREPROCESS = NO;
				INSTALL_PATH = "$(HOME)/Library/Audio/Plug-Ins/Components/";
				LIBRARY_STYLE = Bundle;
				LLVM_LTO = YES;
				MACOSX_DEPLOYMENT_TARGET = 10.13;
				MTL_HEADER_SEARCH_PATHS = "/Users/jason/Files/repo/JUCE/modules/juce_audio_processors/format_types/VST3_SDK $(SRCROOT)/../../JuceLibraryCode /Users/jason/Files/repo/JUCE/modules /Users/jason/Files/repo/JUCE/modules/juce_audio_plugin_client/AU";
				OTHER_LDFLAGS = "-bundle -lSimpleEQ -weak_framework Metal -weak_framework MetalKit";
				OTHER_REZFLAGS = "-d ppc_$ppc -d i386_$i386 -d ppc64_$ppc64 -d x86_64_$x86_64 -d arm64_$arm64 -I /System/Library/Frameworks/CoreServices.framework/Frameworks/CarbonCore.framework/Versions/A/Headers -I \"$(DEVELOPER_DIR)/Extras/CoreAudio/AudioUnits/AUPublic/AUBase\" -I \"$(DEVELOPER_DIR)/Platforms/MacOSX.platform/Developer/SDKs/MacOSX.sdk/System/Library/Frameworks/AudioUnit.framework/Headers\"";
				PRODUCT_BUNDLE_IDENTIFIER = com.TaurusStudios.EQ;
				PRODUCT_NAME = "SimpleEQ";
				USE_HEADERMAP = NO;
				VALID_ARCHS = "i386 x86_64 arm64 arm64e";
				WRAPPER_EXTENSION = component;
			};
			name = Release;
		};
		F188B4EF8AAD2425FAE1FEC6 /* Release */ = {
			isa = XCBuildConfiguration;
			buildSettings = {
				CLANG_CXX_LANGUAGE_STANDARD = "c++17";
				CLANG_CXX_LIBRARY = "libc++";
				CLANG_LINK_OBJC_RUNTIME = NO;
				COMBINE_HIDPI_IMAGES = YES;
				CONFIGURATION_BUILD_DIR = "$(PROJECT_DIR)/build/$(CONFIGURATION)";
				DEAD_CODE_STRIPPING = YES;
				DEPLOYMENT_LOCATION = YES;
				DSTROOT = /;
				EXCLUDED_ARCHS = "";
				GCC_GENERATE_DEBUGGING_SYMBOLS = NO;
				GCC_OPTIMIZATION_LEVEL = 3;
				GCC_PREPROCESSOR_DEFINITIONS = (
					"_NDEBUG=1",
					"NDEBUG=1",
					"JUCE_DISPLAY_SPLASH_SCREEN=1",
					"JUCE_USE_DARK_SPLASH_SCREEN=1",
					"JUCE_PROJUCER_VERSION=0x70005",
					"JUCE_MODULE_AVAILABLE_juce_audio_basics=1",
					"JUCE_MODULE_AVAILABLE_juce_audio_devices=1",
					"JUCE_MODULE_AVAILABLE_juce_audio_formats=1",
					"JUCE_MODULE_AVAILABLE_juce_audio_plugin_client=1",
					"JUCE_MODULE_AVAILABLE_juce_audio_processors=1",
					"JUCE_MODULE_AVAILABLE_juce_audio_utils=1",
					"JUCE_MODULE_AVAILABLE_juce_core=1",
					"JUCE_MODULE_AVAILABLE_juce_data_structures=1",
					"JUCE_MODULE_AVAILABLE_juce_dsp=1",
					"JUCE_MODULE_AVAILABLE_juce_events=1",
					"JUCE_MODULE_AVAILABLE_juce_graphics=1",
					"JUCE_MODULE_AVAILABLE_juce_gui_basics=1",
					"JUCE_MODULE_AVAILABLE_juce_gui_extra=1",
					"JUCE_GLOBAL_MODULE_SETTINGS_INCLUDED=1",
					"JUCE_VST3_CAN_REPLACE_VST2=0",
					"JUCE_STRICT_REFCOUNTEDPOINTER=1",
					"JucePlugin_Build_VST=0",
					"JucePlugin_Build_VST3=1",
					"JucePlugin_Build_AU=0",
					"JucePlugin_Build_AUv3=0",
					"JucePlugin_Build_AAX=0",
					"JucePlugin_Build_Standalone=0",
					"JucePlugin_Build_Unity=0",
					"JucePlugin_Build_LV2=0",
					"JucePlugin_Enable_IAA=0",
					"JucePlugin_Enable_ARA=0",
					"JucePlugin_Name=\\\"EQ\\\"",
					"JucePlugin_Desc=\\\"A\\ simple\\ equalizer\\\"",
					"JucePlugin_Manufacturer=\\\"TaurusStudios\\\"",
					"JucePlugin_ManufacturerWebsite=\\\"https://jasonfleischer.github.io/website/\\\"",
					"JucePlugin_ManufacturerEmail=\\\"\\\"",
					"JucePlugin_ManufacturerCode=0x41636463",
					"JucePlugin_PluginCode=0x58787879",
					"JucePlugin_IsSynth=0",
					"JucePlugin_WantsMidiInput=0",
					"JucePlugin_ProducesMidiOutput=0",
					"JucePlugin_IsMidiEffect=0",
					"JucePlugin_EditorRequiresKeyboardFocus=0",
					"JucePlugin_Version=1.0.0",
					"JucePlugin_VersionCode=0x10000",
					"JucePlugin_VersionString=\\\"1.0.0\\\"",
					"JucePlugin_VSTUniqueID=JucePlugin_PluginCode",
					"JucePlugin_VSTCategory=kPlugCategEffect",
					"JucePlugin_Vst3Category=\\\"Fx\\\"",
					"JucePlugin_AUMainType=\\'aufx\\'",
					"JucePlugin_AUSubType=JucePlugin_PluginCode",
					"JucePlugin_AUExportPrefix=TaurusStudiosEQ",
					"JucePlugin_AUExportPrefixQuoted=\\\"TaurusStudiosEQ\\\"",
					"JucePlugin_AUManufacturerCode=JucePlugin_ManufacturerCode",
					"JucePlugin_CFBundleIdentifier=com.TaurusStudios.EQ",
					"JucePlugin_AAXIdentifier=com.TaurusStudios.EQ",
					"JucePlugin_AAXManufacturerCode=JucePlugin_ManufacturerCode",
					"JucePlugin_AAXProductId=JucePlugin_PluginCode",
					"JucePlugin_AAXCategory=0",
					"JucePlugin_AAXDisableBypass=0",
					"JucePlugin_AAXDisableMultiMono=0",
					"JucePlugin_IAAType=0x61757278",
					"JucePlugin_IAASubType=JucePlugin_PluginCode",
					"JucePlugin_IAAName=\\\"TaurusStudios:\\ EQ\\\"",
					"JucePlugin_VSTNumMidiInputs=16",
					"JucePlugin_VSTNumMidiOutputs=16",
					"JucePlugin_ARAContentTypes=0",
					"JucePlugin_ARATransformationFlags=0",
					"JucePlugin_ARAFactoryID=\\\"com.TaurusStudios.SimpleEQ.factory\\\"",
					"JucePlugin_ARADocumentArchiveID=\\\"com.TaurusStudios.SimpleEQ.aradocumentarchive.1.0.0\\\"",
					"JucePlugin_ARACompatibleArchiveIDs=\\\"\\\"",
					"JUCE_STANDALONE_APPLICATION=JucePlugin_Build_Standalone",
					"JUCER_XCODE_MAC_F6D2F4CF=1",
					"JUCE_APP_VERSION=1.0.0",
					"JUCE_APP_VERSION_HEX=0x10000",
				);
				GCC_VERSION = com.apple.compilers.llvm.clang.1_0;
				GENERATE_PKGINFO_FILE = YES;
				HEADER_SEARCH_PATHS = (
					"/Users/jason/Files/repo/JUCE/modules/juce_audio_processors/format_types/VST3_SDK",
					"$(SRCROOT)/../../JuceLibraryCode",
					"/Users/jason/Files/repo/JUCE/modules",
					"/Users/jason/Files/repo/JUCE/modules/juce_audio_plugin_client/AU",
					"$(inherited)",
				);
				INFOPLIST_FILE = Info-VST3.plist;
				INFOPLIST_PREPROCESS = NO;
				INSTALL_PATH = "$(HOME)/Library/Audio/Plug-Ins/VST3/";
				LIBRARY_STYLE = Bundle;
				LLVM_LTO = YES;
				MACOSX_DEPLOYMENT_TARGET = 10.13;
				MTL_HEADER_SEARCH_PATHS = "/Users/jason/Files/repo/JUCE/modules/juce_audio_processors/format_types/VST3_SDK $(SRCROOT)/../../JuceLibraryCode /Users/jason/Files/repo/JUCE/modules /Users/jason/Files/repo/JUCE/modules/juce_audio_plugin_client/AU";
				OTHER_LDFLAGS = "-bundle -lSimpleEQ -weak_framework Metal -weak_framework MetalKit";
				PRODUCT_BUNDLE_IDENTIFIER = com.TaurusStudios.EQ;
				PRODUCT_NAME = "SimpleEQ";
				USE_HEADERMAP = NO;
				VALID_ARCHS = "i386 x86_64 arm64 arm64e";
				WRAPPER_EXTENSION = vst3;
			};
			name = Release;
		};
/* End XCBuildConfiguration section */

/* Begin XCConfigurationList section */
		1210CAAA71EEE1EB68D61280 = {
			isa = XCConfigurationList;
			buildConfigurations = (
				43B78A4FFF21305D10C5022D,
				CE1CBEAC4A3A0BB51CEFCDBA,
			);
			defaultConfigurationIsVisible = 0;
			defaultConfigurationName = Debug;
		};
		2B67FBFC5FFF98525D923C4F = {
			isa = XCConfigurationList;
			buildConfigurations = (
				C74EBD043F23648EC1DD707A,
				C41D72C8EDB3D418E423C0C7,
			);
			defaultConfigurationIsVisible = 0;
			defaultConfigurationName = Debug;
		};
		35A4DCFC2DDDC5F92441651D = {
			isa = XCConfigurationList;
			buildConfigurations = (
				4B9A238EE83F7539D9743AC6,
				F188B4EF8AAD2425FAE1FEC6,
			);
			defaultConfigurationIsVisible = 0;
			defaultConfigurationName = Debug;
		};
		985B652A8970413E2C59525B = {
			isa = XCConfigurationList;
			buildConfigurations = (
				7607AA9516C413270EF1E758,
				94AF0281DE678C27C6B824EB,
			);
			defaultConfigurationIsVisible = 0;
			defaultConfigurationName = Debug;
		};
		BA62AEAADE20E199188B1CB0 = {
			isa = XCConfigurationList;
			buildConfigurations = (
				B0676317CE64C15CEEE560DD,
				9372AEE9610A9B9072F37FDF,
			);
			defaultConfigurationIsVisible = 0;
			defaultConfigurationName = Debug;
		};
		E348E1DEC5C0744DB0AAD5CB = {
			isa = XCConfigurationList;
			buildConfigurations = (
				09F8F4526A9E70714F0AEA29,
				9825A57C74B250F1620C852D,
			);
			defaultConfigurationIsVisible = 0;
			defaultConfigurationName = Debug;
		};
/* End XCConfigurationList section */
	};
	rootObject = FA5EF1C23DD420D62622A0AF /* Project object */;
}
